// !$*UTF8*$!
{
	archiveVersion = 1;
	classes = {
	};
	objectVersion = 46;
	objects = {

/* Begin PBXBuildFile section */
		2D1703D71E590F8C0000827E /* random_ship_names.plist in Resources */ = {isa = PBXBuildFile; fileRef = 2D1703D61E590F8C0000827E /* random_ship_names.plist */; };
		2D1703DB1E601E180000827E /* WPTMapView.swift in Sources */ = {isa = PBXBuildFile; fileRef = 2D1703DA1E601E180000827E /* WPTMapView.swift */; };
		2D1703DD1E625F1E0000827E /* distance.m4a in Resources */ = {isa = PBXBuildFile; fileRef = 2D1703DC1E625F1E0000827E /* distance.m4a */; };
		2D1703DF1E6264200000827E /* dragonRoost.m4a in Resources */ = {isa = PBXBuildFile; fileRef = 2D1703DE1E6264200000827E /* dragonRoost.m4a */; };
		2D1703E11E6266440000827E /* howToTrainYourDragon.m4a in Resources */ = {isa = PBXBuildFile; fileRef = 2D1703E01E6266440000827E /* howToTrainYourDragon.m4a */; };
		2D1703E31E62665B0000827E /* windWaker.mp3 in Resources */ = {isa = PBXBuildFile; fileRef = 2D1703E21E62665B0000827E /* windWaker.mp3 */; };
		2D1704371E6F66FD0000827E /* WPTWhirlpoolNode.swift in Sources */ = {isa = PBXBuildFile; fileRef = 2D1704361E6F66FD0000827E /* WPTWhirlpoolNode.swift */; };
		2D1704391E6F670A0000827E /* WPTBoulderNode.swift in Sources */ = {isa = PBXBuildFile; fileRef = 2D1704381E6F670A0000827E /* WPTBoulderNode.swift */; };
		2D17043B1E6FF3CD0000827E /* WPTHealthNode.swift in Sources */ = {isa = PBXBuildFile; fileRef = 2D17043A1E6FF3CD0000827E /* WPTHealthNode.swift */; };
		2D17043F1E7005170000827E /* fire.sks in Resources */ = {isa = PBXBuildFile; fileRef = 2D17043E1E7005170000827E /* fire.sks */; };
		2D1704471E7009890000827E /* explosion.sks in Resources */ = {isa = PBXBuildFile; fileRef = 2D1704461E7009890000827E /* explosion.sks */; };
		2D1704491E70D23F0000827E /* WPTItemNode.swift in Sources */ = {isa = PBXBuildFile; fileRef = 2D1704481E70D23F0000827E /* WPTItemNode.swift */; };
		2D17044B1E7103D70000827E /* explosion.mp3 in Resources */ = {isa = PBXBuildFile; fileRef = 2D17044A1E7103D70000827E /* explosion.mp3 */; };
		2D17044D1E7104090000827E /* cannon.mp3 in Resources */ = {isa = PBXBuildFile; fileRef = 2D17044C1E7104090000827E /* cannon.mp3 */; };
		2D17044F1E7105940000827E /* coin.mp3 in Resources */ = {isa = PBXBuildFile; fileRef = 2D17044E1E7105940000827E /* coin.mp3 */; };
		2D6D53731E36871C00AFF40E /* BOOTERFZ.ttf in Resources */ = {isa = PBXBuildFile; fileRef = 2D6D53721E36871C00AFF40E /* BOOTERFZ.ttf */; };
		2D7FD1811E5801A1001B6208 /* WPTShipNamePopUpNode.swift in Sources */ = {isa = PBXBuildFile; fileRef = 2D7FD1801E5801A1001B6208 /* WPTShipNamePopUpNode.swift */; };
		2D8E804B1E3AD6D000CB2E0B /* WPTSettingsScene.swift in Sources */ = {isa = PBXBuildFile; fileRef = 2D8E804A1E3AD6D000CB2E0B /* WPTSettingsScene.swift */; };
		2D8E804E1E3ADBC400CB2E0B /* WPTShip.swift in Sources */ = {isa = PBXBuildFile; fileRef = 2D8E804D1E3ADBC400CB2E0B /* WPTShip.swift */; };
		7E0C78931E73C2C2006C79C3 /* the_enemy_ships.plist in Resources */ = {isa = PBXBuildFile; fileRef = 7E0C78921E73C2C2006C79C3 /* the_enemy_ships.plist */; };
		7E0C78951E73D1DD006C79C3 /* WPTCircle.swift in Sources */ = {isa = PBXBuildFile; fileRef = 7E0C78941E73D1DD006C79C3 /* WPTCircle.swift */; };
		7E0C78971E73D224006C79C3 /* WPTLine.swift in Sources */ = {isa = PBXBuildFile; fileRef = 7E0C78961E73D224006C79C3 /* WPTLine.swift */; };
		7E0D62031E36650B009C8516 /* WPTHomeScene.swift in Sources */ = {isa = PBXBuildFile; fileRef = 7E0D62021E36650B009C8516 /* WPTHomeScene.swift */; };
		7E0D620F1E366EE3009C8516 /* TradeWinds-Regular.ttf in Resources */ = {isa = PBXBuildFile; fileRef = 7E0D620E1E366EE3009C8516 /* TradeWinds-Regular.ttf */; };
		7E0D62111E366F5F009C8516 /* WPTValues.swift in Sources */ = {isa = PBXBuildFile; fileRef = 7E0D62101E366F5F009C8516 /* WPTValues.swift */; };
		7E13F6231E48E22900B5D2FD /* ActorTests.swift in Sources */ = {isa = PBXBuildFile; fileRef = 7E13F6221E48E22900B5D2FD /* ActorTests.swift */; };
		7E13F6251E48E51000B5D2FD /* WPTConfig.swift in Sources */ = {isa = PBXBuildFile; fileRef = 7E13F6241E48E51000B5D2FD /* WPTConfig.swift */; };
		7E13F62E1E48ECF500B5D2FD /* sword1.caf in Resources */ = {isa = PBXBuildFile; fileRef = 7E13F62D1E48ECAD00B5D2FD /* sword1.caf */; };
		7E13F6301E48F50200B5D2FD /* WPTWorldScene.swift in Sources */ = {isa = PBXBuildFile; fileRef = 7E13F62F1E48F50200B5D2FD /* WPTWorldScene.swift */; };
		7E13F6321E48F53200B5D2FD /* WPTLevelScene.swift in Sources */ = {isa = PBXBuildFile; fileRef = 7E13F6311E48F53200B5D2FD /* WPTLevelScene.swift */; };
		7E13F6341E48F8B900B5D2FD /* WPTPlayer.swift in Sources */ = {isa = PBXBuildFile; fileRef = 7E13F6331E48F8B900B5D2FD /* WPTPlayer.swift */; };
		7E1472821E71A784005E5A4C /* WPTBrainState.swift in Sources */ = {isa = PBXBuildFile; fileRef = 7E1472811E71A784005E5A4C /* WPTBrainState.swift */; };
		7E1472841E71AA8F005E5A4C /* WPTBrainStateFactory.swift in Sources */ = {isa = PBXBuildFile; fileRef = 7E1472831E71AA8F005E5A4C /* WPTBrainStateFactory.swift */; };
		7E1472861E71ACB4005E5A4C /* WPTStandAndShootBS.swift in Sources */ = {isa = PBXBuildFile; fileRef = 7E1472851E71ACB4005E5A4C /* WPTStandAndShootBS.swift */; };
		7E16B8591E2D580600933E24 /* AppDelegate.swift in Sources */ = {isa = PBXBuildFile; fileRef = 7E16B8581E2D580600933E24 /* AppDelegate.swift */; };
		7E16B85F1E2D580600933E24 /* WPTSplashScene.swift in Sources */ = {isa = PBXBuildFile; fileRef = 7E16B85E1E2D580600933E24 /* WPTSplashScene.swift */; };
		7E16B8611E2D580600933E24 /* GameViewController.swift in Sources */ = {isa = PBXBuildFile; fileRef = 7E16B8601E2D580600933E24 /* GameViewController.swift */; };
		7E16B8641E2D580600933E24 /* Main.storyboard in Resources */ = {isa = PBXBuildFile; fileRef = 7E16B8621E2D580600933E24 /* Main.storyboard */; };
		7E16B8661E2D580600933E24 /* Assets.xcassets in Resources */ = {isa = PBXBuildFile; fileRef = 7E16B8651E2D580600933E24 /* Assets.xcassets */; };
		7E16B8741E2D580600933E24 /* WaypointTests.swift in Sources */ = {isa = PBXBuildFile; fileRef = 7E16B8731E2D580600933E24 /* WaypointTests.swift */; };
		7E16B87F1E2D580600933E24 /* WaypointUITests.swift in Sources */ = {isa = PBXBuildFile; fileRef = 7E16B87E1E2D580600933E24 /* WaypointUITests.swift */; };
		7E3EF6E81E7522E50036A895 /* the_ships.plist in Resources */ = {isa = PBXBuildFile; fileRef = 7E3EF6E71E7522E50036A895 /* the_ships.plist */; };
		7E3EF6EA1E7532EB0036A895 /* WPTBrainRadiiNode.swift in Sources */ = {isa = PBXBuildFile; fileRef = 7E3EF6E91E7532EB0036A895 /* WPTBrainRadiiNode.swift */; };
		7E4182C91E7ECA7100FCEBD8 /* WPTPuppetMaster.swift in Sources */ = {isa = PBXBuildFile; fileRef = 7E4182C81E7ECA7100FCEBD8 /* WPTPuppetMaster.swift */; };
		7E4215F81E5A6916004ADBD7 /* WPTCannon.swift in Sources */ = {isa = PBXBuildFile; fileRef = 7E4215F71E5A6916004ADBD7 /* WPTCannon.swift */; };
		7E4215FC1E5A6F23004ADBD7 /* WPTCannonBallNode.swift in Sources */ = {isa = PBXBuildFile; fileRef = 7E4215FB1E5A6F23004ADBD7 /* WPTCannonBallNode.swift */; };
		7E4215FE1E5A716E004ADBD7 /* WPTCannonBall.swift in Sources */ = {isa = PBXBuildFile; fileRef = 7E4215FD1E5A716E004ADBD7 /* WPTCannonBall.swift */; };
		7E4216041E5B56BF004ADBD7 /* WPTFireRateManager.swift in Sources */ = {isa = PBXBuildFile; fileRef = 7E4216031E5B56BF004ADBD7 /* WPTFireRateManager.swift */; };
		7E43CC771E54B844009367BC /* trail_map.plist in Resources */ = {isa = PBXBuildFile; fileRef = 7E43CC761E54B844009367BC /* trail_map.plist */; };
		7E43CC791E54CB50009367BC /* WPTPauseMenuNode.swift in Sources */ = {isa = PBXBuildFile; fileRef = 7E43CC781E54CB50009367BC /* WPTPauseMenuNode.swift */; };
		7E5242881E56331D00120002 /* WPTTerrainNode.swift in Sources */ = {isa = PBXBuildFile; fileRef = 7E5242871E56331D00120002 /* WPTTerrainNode.swift */; };
		7E5242901E56440900120002 /* water.fsh in Resources */ = {isa = PBXBuildFile; fileRef = 7E52428F1E56440900120002 /* water.fsh */; };
		7E52C85A1E61E72F004FDB27 /* WPTPlayerMovementNode.swift in Sources */ = {isa = PBXBuildFile; fileRef = 7E52C8591E61E72F004FDB27 /* WPTPlayerMovementNode.swift */; };
		7E575DD61E69C1D2004D92BF /* WPTPort.swift in Sources */ = {isa = PBXBuildFile; fileRef = 7E575DD51E69C1D2004D92BF /* WPTPort.swift */; };
		7E575DD81E69C3C7004D92BF /* WPTItemCatalog.swift in Sources */ = {isa = PBXBuildFile; fileRef = 7E575DD71E69C3C7004D92BF /* WPTItemCatalog.swift */; };
		7E5A6BEE1E5A0E070067EAF3 /* WPTCannonNode.swift in Sources */ = {isa = PBXBuildFile; fileRef = 7E5A6BED1E5A0E070067EAF3 /* WPTCannonNode.swift */; };
		7E5A6BF01E5A0E200067EAF3 /* WPTCannonSet.swift in Sources */ = {isa = PBXBuildFile; fileRef = 7E5A6BEF1E5A0E200067EAF3 /* WPTCannonSet.swift */; };
		7E5DB72A1E7ED233000B1307 /* WPTPlayerPrepPMS.swift in Sources */ = {isa = PBXBuildFile; fileRef = 7E5DB7291E7ED233000B1307 /* WPTPlayerPrepPMS.swift */; };
		7E5DB72C1E7ED271000B1307 /* WPTWaveCreationPMS.swift in Sources */ = {isa = PBXBuildFile; fileRef = 7E5DB72B1E7ED271000B1307 /* WPTWaveCreationPMS.swift */; };
		7E5DB72E1E7ED2A1000B1307 /* WPTWaveExecutionPMS.swift in Sources */ = {isa = PBXBuildFile; fileRef = 7E5DB72D1E7ED2A1000B1307 /* WPTWaveExecutionPMS.swift */; };
		7E5DB7301E7ED324000B1307 /* WPTLevelBeatenPMS.swift in Sources */ = {isa = PBXBuildFile; fileRef = 7E5DB72F1E7ED324000B1307 /* WPTLevelBeatenPMS.swift */; };
		7E5DB7321E7EE2AA000B1307 /* WPTLevelWave.swift in Sources */ = {isa = PBXBuildFile; fileRef = 7E5DB7311E7EE2AA000B1307 /* WPTLevelWave.swift */; };
		7E5F06561E438A2300EAC166 /* WPTScene.swift in Sources */ = {isa = PBXBuildFile; fileRef = 7E5F06551E438A2300EAC166 /* WPTScene.swift */; };
		7E6932951E53B48800AF7373 /* WPTLevelPlayerNode.swift in Sources */ = {isa = PBXBuildFile; fileRef = 7E6932941E53B48800AF7373 /* WPTLevelPlayerNode.swift */; };
		7E6932971E53B55C00AF7373 /* WPTLevelActorNode.swift in Sources */ = {isa = PBXBuildFile; fileRef = 7E6932961E53B55C00AF7373 /* WPTLevelActorNode.swift */; };
		7E69329A1E53E08100AF7373 /* WPTHudNode.swift in Sources */ = {isa = PBXBuildFile; fileRef = 7E6932991E53E08100AF7373 /* WPTHudNode.swift */; };
		7E69329C1E53E0B200AF7373 /* WPTHudTopNode.swift in Sources */ = {isa = PBXBuildFile; fileRef = 7E69329B1E53E0B200AF7373 /* WPTHudTopNode.swift */; };
		7E69329E1E53E0D500AF7373 /* WPTHudBottomNode.swift in Sources */ = {isa = PBXBuildFile; fileRef = 7E69329D1E53E0D500AF7373 /* WPTHudBottomNode.swift */; };
		7E6932A01E53E2D500AF7373 /* WPTFireButtonNode.swift in Sources */ = {isa = PBXBuildFile; fileRef = 7E69329F1E53E2D500AF7373 /* WPTFireButtonNode.swift */; };
		7E6932A21E53ECF500AF7373 /* WPTUpdatable.swift in Sources */ = {isa = PBXBuildFile; fileRef = 7E6932A11E53ECF500AF7373 /* WPTUpdatable.swift */; };
		7E73A0A91E4A6F09008F6DA8 /* trail_shader.fsh in Resources */ = {isa = PBXBuildFile; fileRef = 7E73A0A81E4A6F09008F6DA8 /* trail_shader.fsh */; };
		7E7C240C1E370FF500E10E7A /* WPTNewGameScene.swift in Sources */ = {isa = PBXBuildFile; fileRef = 7E7C240B1E370FF500E10E7A /* WPTNewGameScene.swift */; };
		7E7C240F1E37124500E10E7A /* WPTLabelNode.swift in Sources */ = {isa = PBXBuildFile; fileRef = 7E7C240E1E37124500E10E7A /* WPTLabelNode.swift */; };
		7E7C24111E37169A00E10E7A /* WPTSceneLabelNode.swift in Sources */ = {isa = PBXBuildFile; fileRef = 7E7C24101E37169A00E10E7A /* WPTSceneLabelNode.swift */; };
		7EBF5E231E4D06D200F81982 /* WPTTrailStop.swift in Sources */ = {isa = PBXBuildFile; fileRef = 7EBF5E221E4D06D200F81982 /* WPTTrailStop.swift */; };
		7EBF5E691E4E1B4000F81982 /* WPTUtils.swift in Sources */ = {isa = PBXBuildFile; fileRef = 7EBF5E681E4E1B4000F81982 /* WPTUtils.swift */; };
		7EBF5E6B1E4E213A00F81982 /* stat_bar.fsh in Resources */ = {isa = PBXBuildFile; fileRef = 7EBF5E6A1E4E213A00F81982 /* stat_bar.fsh */; };
		7EBF5E6D1E4E218200F81982 /* WPTStatBarNode.swift in Sources */ = {isa = PBXBuildFile; fileRef = 7EBF5E6C1E4E218200F81982 /* WPTStatBarNode.swift */; };
		7EC222061E72F49D00E98243 /* WPTWhirlpoolHandler.swift in Sources */ = {isa = PBXBuildFile; fileRef = 7EC222051E72F49D00E98243 /* WPTWhirlpoolHandler.swift */; };
		7EC222081E72F54A00E98243 /* WPTPortDockingHandler.swift in Sources */ = {isa = PBXBuildFile; fileRef = 7EC222071E72F54A00E98243 /* WPTPortDockingHandler.swift */; };
		7EC2220A1E73037300E98243 /* WPTDoNothingBS.swift in Sources */ = {isa = PBXBuildFile; fileRef = 7EC222091E73037300E98243 /* WPTDoNothingBS.swift */; };
		7EC222161E730D1900E98243 /* WPTBrainTemplate.swift in Sources */ = {isa = PBXBuildFile; fileRef = 7EC222151E730D1900E98243 /* WPTBrainTemplate.swift */; };
		7EC9879D1E7F67F600626C60 /* 0_setting_sail.plist in Resources */ = {isa = PBXBuildFile; fileRef = 7EC9879C1E7F67F600626C60 /* 0_setting_sail.plist */; };
		7EC9879F1E7F905100626C60 /* stat_modifier_items.plist in Resources */ = {isa = PBXBuildFile; fileRef = 7EC9879E1E7F905100626C60 /* stat_modifier_items.plist */; };
		7EC987A21E7F9FD600626C60 /* WPTStorage.swift in Sources */ = {isa = PBXBuildFile; fileRef = 7EC987A11E7F9FD600626C60 /* WPTStorage.swift */; };
		7EC987A41E7FA20800626C60 /* WPTLootSummary.swift in Sources */ = {isa = PBXBuildFile; fileRef = 7EC987A31E7FA20800626C60 /* WPTLootSummary.swift */; };
		7ECB5A021E745CA500A05563 /* WPTPursueBS.swift in Sources */ = {isa = PBXBuildFile; fileRef = 7ECB5A011E745CA500A05563 /* WPTPursueBS.swift */; };
		7ECB5A041E745CD000A05563 /* WPTFleeBS.swift in Sources */ = {isa = PBXBuildFile; fileRef = 7ECB5A031E745CD000A05563 /* WPTFleeBS.swift */; };
		7ED049DD1E6F6A4600CD69E1 /* WPTBrain.swift in Sources */ = {isa = PBXBuildFile; fileRef = 7ED049DC1E6F6A4600CD69E1 /* WPTBrain.swift */; };
		7ED049DF1E6F6AA200CD69E1 /* WPTLevelEnemyNode.swift in Sources */ = {isa = PBXBuildFile; fileRef = 7ED049DE1E6F6AA200CD69E1 /* WPTLevelEnemyNode.swift */; };
		7ED049E11E6F6D4200CD69E1 /* WPTCatapultNode.swift in Sources */ = {isa = PBXBuildFile; fileRef = 7ED049E01E6F6D4200CD69E1 /* WPTCatapultNode.swift */; };
		7ED049E31E6F6DE900CD69E1 /* WPTEnemyCatalog.swift in Sources */ = {isa = PBXBuildFile; fileRef = 7ED049E21E6F6DE900CD69E1 /* WPTEnemyCatalog.swift */; };
		7ED2206B1E371EDE00D2AA68 /* WPTHighScoresScene.swift in Sources */ = {isa = PBXBuildFile; fileRef = 7ED2206A1E371EDE00D2AA68 /* WPTHighScoresScene.swift */; };
		7ED2206D1E37215F00D2AA68 /* WPTSecretMessage.swift in Sources */ = {isa = PBXBuildFile; fileRef = 7ED2206C1E37215F00D2AA68 /* WPTSecretMessage.swift */; };
		7ED3775C1E4ABE8800DB1EA2 /* WPTTrailMap.swift in Sources */ = {isa = PBXBuildFile; fileRef = 7ED3775B1E4ABE8800DB1EA2 /* WPTTrailMap.swift */; };
		7ED739011E44EBF500122903 /* WPTWorldMapNode.swift in Sources */ = {isa = PBXBuildFile; fileRef = 7ED739001E44EBF500122903 /* WPTWorldMapNode.swift */; };
		7ED739031E44F3B600122903 /* WPTActor.swift in Sources */ = {isa = PBXBuildFile; fileRef = 7ED739021E44F3B600122903 /* WPTActor.swift */; };
		7ED739051E44F9E100122903 /* WPTItem.swift in Sources */ = {isa = PBXBuildFile; fileRef = 7ED739041E44F9E100122903 /* WPTItem.swift */; };
		7ED963311E7DE57700B58C1C /* other_items.plist in Resources */ = {isa = PBXBuildFile; fileRef = 7ED963301E7DE57700B58C1C /* other_items.plist */; };
		7ED963341E7DEA4900B58C1C /* brains.plist in Resources */ = {isa = PBXBuildFile; fileRef = 7ED963321E7DEA4900B58C1C /* brains.plist */; };
		7ED963371E7DEB5A00B58C1C /* WPTFleeOffenseBS.swift in Sources */ = {isa = PBXBuildFile; fileRef = 7ED963361E7DEB5A00B58C1C /* WPTFleeOffenseBS.swift */; };
		7ED963391E7DF18000B58C1C /* enemies.plist in Resources */ = {isa = PBXBuildFile; fileRef = 7ED963381E7DF18000B58C1C /* enemies.plist */; };
		7ED9633B1E7DF1D400B58C1C /* WPTWanderBS.swift in Sources */ = {isa = PBXBuildFile; fileRef = 7ED9633A1E7DF1D400B58C1C /* WPTWanderBS.swift */; };
		7EDAC9B41E71F101002CEC0F /* WPTLevelPhysicsContactHandler.swift in Sources */ = {isa = PBXBuildFile; fileRef = 7EDAC9B31E71F101002CEC0F /* WPTLevelPhysicsContactHandler.swift */; };
		7EDAC9B61E71FAA9002CEC0F /* WPTDockNode.swift in Sources */ = {isa = PBXBuildFile; fileRef = 7EDAC9B51E71FAA9002CEC0F /* WPTDockNode.swift */; };
		7EDD063A1E4A1C750054EB7E /* WPTTrailMapNode.swift in Sources */ = {isa = PBXBuildFile; fileRef = 7EDD06391E4A1C750054EB7E /* WPTTrailMapNode.swift */; };
		7EE57D3C1E69DAF20020693B /* repair_items.plist in Resources */ = {isa = PBXBuildFile; fileRef = 7EE57D391E69DAF20020693B /* repair_items.plist */; };
		7EE57D491E69E20C0020693B /* currency_items.plist in Resources */ = {isa = PBXBuildFile; fileRef = 7EE57D481E69E20C0020693B /* currency_items.plist */; };
		7EE7981B1E523030006D683B /* WPTPlayerProgress.swift in Sources */ = {isa = PBXBuildFile; fileRef = 7EE7981A1E523030006D683B /* WPTPlayerProgress.swift */; };
		7EE7981D1E5234A3006D683B /* WPTLevel.swift in Sources */ = {isa = PBXBuildFile; fileRef = 7EE7981C1E5234A3006D683B /* WPTLevel.swift */; };
		7EE8A8C81E6F779700C119B9 /* WPTShipCatalog.swift in Sources */ = {isa = PBXBuildFile; fileRef = 7EE8A8C71E6F779700C119B9 /* WPTShipCatalog.swift */; };
		7EE8A8F41E6FA4A500C119B9 /* WPTEnemy.swift in Sources */ = {isa = PBXBuildFile; fileRef = 7EE8A8F31E6FA4A500C119B9 /* WPTEnemy.swift */; };
		7EE8A9121E6FD07F00C119B9 /* WPTPortNode.swift in Sources */ = {isa = PBXBuildFile; fileRef = 7EE8A9111E6FD07F00C119B9 /* WPTPortNode.swift */; };
		7EE8A9201E6FDD7100C119B9 /* 1_sea_legs.plist in Resources */ = {isa = PBXBuildFile; fileRef = 7EE8A9141E6FDD7100C119B9 /* 1_sea_legs.plist */; };
		7EE8A9211E6FDD7100C119B9 /* 2_pegleg_plunder.plist in Resources */ = {isa = PBXBuildFile; fileRef = 7EE8A9151E6FDD7100C119B9 /* 2_pegleg_plunder.plist */; };
		7EE8A9221E6FDD7100C119B9 /* 3_cutlass_careen.plist in Resources */ = {isa = PBXBuildFile; fileRef = 7EE8A9161E6FDD7100C119B9 /* 3_cutlass_careen.plist */; };
		7EE8A9231E6FDD7100C119B9 /* 4_fire_in_the_hole.plist in Resources */ = {isa = PBXBuildFile; fileRef = 7EE8A9171E6FDD7100C119B9 /* 4_fire_in_the_hole.plist */; };
		7EE8A9241E6FDD7100C119B9 /* 5_dead_men_tell_no_tales.plist in Resources */ = {isa = PBXBuildFile; fileRef = 7EE8A9181E6FDD7100C119B9 /* 5_dead_men_tell_no_tales.plist */; };
		7EE8A9251E6FDD7100C119B9 /* 6_davy_jones_locker.plist in Resources */ = {isa = PBXBuildFile; fileRef = 7EE8A9191E6FDD7100C119B9 /* 6_davy_jones_locker.plist */; };
		7EE8A9261E6FDD7100C119B9 /* 7_letter_of_marque.plist in Resources */ = {isa = PBXBuildFile; fileRef = 7EE8A91A1E6FDD7100C119B9 /* 7_letter_of_marque.plist */; };
		7EE8A9271E6FDD7100C119B9 /* 8_give_no_quarter.plist in Resources */ = {isa = PBXBuildFile; fileRef = 7EE8A91B1E6FDD7100C119B9 /* 8_give_no_quarter.plist */; };
		7EE8A9281E6FDD7100C119B9 /* 9_boom_about.plist in Resources */ = {isa = PBXBuildFile; fileRef = 7EE8A91C1E6FDD7100C119B9 /* 9_boom_about.plist */; };
		7EE8A9291E6FDD7100C119B9 /* 10_high_seas.plist in Resources */ = {isa = PBXBuildFile; fileRef = 7EE8A91D1E6FDD7100C119B9 /* 10_high_seas.plist */; };
		7EE8A92A1E6FDD7100C119B9 /* 11_shiver_me_timbers.plist in Resources */ = {isa = PBXBuildFile; fileRef = 7EE8A91E1E6FDD7100C119B9 /* 11_shiver_me_timbers.plist */; };
		7EF61E8C1E3B057900CB4CAB /* WPTShipPickerNode.swift in Sources */ = {isa = PBXBuildFile; fileRef = 7EF61E8B1E3B057900CB4CAB /* WPTShipPickerNode.swift */; };
		7EF76AAA1E52DB7E003BFCD1 /* WPTWorldPlayerNode.swift in Sources */ = {isa = PBXBuildFile; fileRef = 7EF76AA91E52DB7E003BFCD1 /* WPTWorldPlayerNode.swift */; };
/* End PBXBuildFile section */

/* Begin PBXContainerItemProxy section */
		7E16B8701E2D580600933E24 /* PBXContainerItemProxy */ = {
			isa = PBXContainerItemProxy;
			containerPortal = 7E16B84D1E2D580600933E24 /* Project object */;
			proxyType = 1;
			remoteGlobalIDString = 7E16B8541E2D580600933E24;
			remoteInfo = Waypoint;
		};
		7E16B87B1E2D580600933E24 /* PBXContainerItemProxy */ = {
			isa = PBXContainerItemProxy;
			containerPortal = 7E16B84D1E2D580600933E24 /* Project object */;
			proxyType = 1;
			remoteGlobalIDString = 7E16B8541E2D580600933E24;
			remoteInfo = Waypoint;
		};
/* End PBXContainerItemProxy section */

/* Begin PBXFileReference section */
		2D1703D61E590F8C0000827E /* random_ship_names.plist */ = {isa = PBXFileReference; fileEncoding = 4; lastKnownFileType = text.plist.xml; path = random_ship_names.plist; sourceTree = "<group>"; };
		2D1703DA1E601E180000827E /* WPTMapView.swift */ = {isa = PBXFileReference; fileEncoding = 4; lastKnownFileType = sourcecode.swift; path = WPTMapView.swift; sourceTree = "<group>"; };
		2D1703DC1E625F1E0000827E /* distance.m4a */ = {isa = PBXFileReference; lastKnownFileType = file; path = distance.m4a; sourceTree = "<group>"; };
		2D1703DE1E6264200000827E /* dragonRoost.m4a */ = {isa = PBXFileReference; lastKnownFileType = file; path = dragonRoost.m4a; sourceTree = "<group>"; };
		2D1703E01E6266440000827E /* howToTrainYourDragon.m4a */ = {isa = PBXFileReference; lastKnownFileType = file; path = howToTrainYourDragon.m4a; sourceTree = "<group>"; };
		2D1703E21E62665B0000827E /* windWaker.mp3 */ = {isa = PBXFileReference; lastKnownFileType = audio.mp3; path = windWaker.mp3; sourceTree = "<group>"; };
		2D1704361E6F66FD0000827E /* WPTWhirlpoolNode.swift */ = {isa = PBXFileReference; fileEncoding = 4; lastKnownFileType = sourcecode.swift; path = WPTWhirlpoolNode.swift; sourceTree = "<group>"; };
		2D1704381E6F670A0000827E /* WPTBoulderNode.swift */ = {isa = PBXFileReference; fileEncoding = 4; lastKnownFileType = sourcecode.swift; path = WPTBoulderNode.swift; sourceTree = "<group>"; };
		2D17043A1E6FF3CD0000827E /* WPTHealthNode.swift */ = {isa = PBXFileReference; fileEncoding = 4; lastKnownFileType = sourcecode.swift; path = WPTHealthNode.swift; sourceTree = "<group>"; };
		2D17043E1E7005170000827E /* fire.sks */ = {isa = PBXFileReference; lastKnownFileType = file.sks; path = fire.sks; sourceTree = "<group>"; };
		2D1704461E7009890000827E /* explosion.sks */ = {isa = PBXFileReference; lastKnownFileType = file.sks; path = explosion.sks; sourceTree = "<group>"; };
		2D1704481E70D23F0000827E /* WPTItemNode.swift */ = {isa = PBXFileReference; fileEncoding = 4; lastKnownFileType = sourcecode.swift; path = WPTItemNode.swift; sourceTree = "<group>"; };
		2D17044A1E7103D70000827E /* explosion.mp3 */ = {isa = PBXFileReference; lastKnownFileType = audio.mp3; path = explosion.mp3; sourceTree = "<group>"; };
		2D17044C1E7104090000827E /* cannon.mp3 */ = {isa = PBXFileReference; lastKnownFileType = audio.mp3; path = cannon.mp3; sourceTree = "<group>"; };
		2D17044E1E7105940000827E /* coin.mp3 */ = {isa = PBXFileReference; lastKnownFileType = audio.mp3; path = coin.mp3; sourceTree = "<group>"; };
		2D6D53721E36871C00AFF40E /* BOOTERFZ.ttf */ = {isa = PBXFileReference; lastKnownFileType = file; path = BOOTERFZ.ttf; sourceTree = "<group>"; };
		2D7FD1801E5801A1001B6208 /* WPTShipNamePopUpNode.swift */ = {isa = PBXFileReference; fileEncoding = 4; lastKnownFileType = sourcecode.swift; path = WPTShipNamePopUpNode.swift; sourceTree = "<group>"; };
		2D8E804A1E3AD6D000CB2E0B /* WPTSettingsScene.swift */ = {isa = PBXFileReference; fileEncoding = 4; lastKnownFileType = sourcecode.swift; path = WPTSettingsScene.swift; sourceTree = "<group>"; };
		2D8E804D1E3ADBC400CB2E0B /* WPTShip.swift */ = {isa = PBXFileReference; fileEncoding = 4; lastKnownFileType = sourcecode.swift; path = WPTShip.swift; sourceTree = "<group>"; };
		7E0C78921E73C2C2006C79C3 /* the_enemy_ships.plist */ = {isa = PBXFileReference; fileEncoding = 4; lastKnownFileType = text.plist.xml; path = the_enemy_ships.plist; sourceTree = "<group>"; };
		7E0C78941E73D1DD006C79C3 /* WPTCircle.swift */ = {isa = PBXFileReference; fileEncoding = 4; lastKnownFileType = sourcecode.swift; path = WPTCircle.swift; sourceTree = "<group>"; };
		7E0C78961E73D224006C79C3 /* WPTLine.swift */ = {isa = PBXFileReference; fileEncoding = 4; lastKnownFileType = sourcecode.swift; path = WPTLine.swift; sourceTree = "<group>"; };
		7E0D62021E36650B009C8516 /* WPTHomeScene.swift */ = {isa = PBXFileReference; fileEncoding = 4; lastKnownFileType = sourcecode.swift; path = WPTHomeScene.swift; sourceTree = "<group>"; };
		7E0D620E1E366EE3009C8516 /* TradeWinds-Regular.ttf */ = {isa = PBXFileReference; lastKnownFileType = file; path = "TradeWinds-Regular.ttf"; sourceTree = "<group>"; };
		7E0D62101E366F5F009C8516 /* WPTValues.swift */ = {isa = PBXFileReference; fileEncoding = 4; lastKnownFileType = sourcecode.swift; path = WPTValues.swift; sourceTree = "<group>"; };
		7E13F6221E48E22900B5D2FD /* ActorTests.swift */ = {isa = PBXFileReference; fileEncoding = 4; lastKnownFileType = sourcecode.swift; path = ActorTests.swift; sourceTree = "<group>"; };
		7E13F6241E48E51000B5D2FD /* WPTConfig.swift */ = {isa = PBXFileReference; fileEncoding = 4; lastKnownFileType = sourcecode.swift; path = WPTConfig.swift; sourceTree = "<group>"; };
		7E13F62D1E48ECAD00B5D2FD /* sword1.caf */ = {isa = PBXFileReference; lastKnownFileType = file; path = sword1.caf; sourceTree = "<group>"; };
		7E13F62F1E48F50200B5D2FD /* WPTWorldScene.swift */ = {isa = PBXFileReference; fileEncoding = 4; lastKnownFileType = sourcecode.swift; path = WPTWorldScene.swift; sourceTree = "<group>"; };
		7E13F6311E48F53200B5D2FD /* WPTLevelScene.swift */ = {isa = PBXFileReference; fileEncoding = 4; lastKnownFileType = sourcecode.swift; path = WPTLevelScene.swift; sourceTree = "<group>"; };
		7E13F6331E48F8B900B5D2FD /* WPTPlayer.swift */ = {isa = PBXFileReference; fileEncoding = 4; lastKnownFileType = sourcecode.swift; path = WPTPlayer.swift; sourceTree = "<group>"; };
		7E1472811E71A784005E5A4C /* WPTBrainState.swift */ = {isa = PBXFileReference; fileEncoding = 4; lastKnownFileType = sourcecode.swift; path = WPTBrainState.swift; sourceTree = "<group>"; };
		7E1472831E71AA8F005E5A4C /* WPTBrainStateFactory.swift */ = {isa = PBXFileReference; fileEncoding = 4; lastKnownFileType = sourcecode.swift; path = WPTBrainStateFactory.swift; sourceTree = "<group>"; };
		7E1472851E71ACB4005E5A4C /* WPTStandAndShootBS.swift */ = {isa = PBXFileReference; fileEncoding = 4; lastKnownFileType = sourcecode.swift; path = WPTStandAndShootBS.swift; sourceTree = "<group>"; };
		7E16B8551E2D580600933E24 /* Waypoint.app */ = {isa = PBXFileReference; explicitFileType = wrapper.application; includeInIndex = 0; path = Waypoint.app; sourceTree = BUILT_PRODUCTS_DIR; };
		7E16B8581E2D580600933E24 /* AppDelegate.swift */ = {isa = PBXFileReference; lastKnownFileType = sourcecode.swift; path = AppDelegate.swift; sourceTree = "<group>"; };
		7E16B85E1E2D580600933E24 /* WPTSplashScene.swift */ = {isa = PBXFileReference; lastKnownFileType = sourcecode.swift; path = WPTSplashScene.swift; sourceTree = "<group>"; };
		7E16B8601E2D580600933E24 /* GameViewController.swift */ = {isa = PBXFileReference; lastKnownFileType = sourcecode.swift; path = GameViewController.swift; sourceTree = "<group>"; };
		7E16B8631E2D580600933E24 /* Base */ = {isa = PBXFileReference; lastKnownFileType = file.storyboard; name = Base; path = Base.lproj/Main.storyboard; sourceTree = "<group>"; };
		7E16B8651E2D580600933E24 /* Assets.xcassets */ = {isa = PBXFileReference; lastKnownFileType = folder.assetcatalog; path = Assets.xcassets; sourceTree = "<group>"; };
		7E16B86A1E2D580600933E24 /* Info.plist */ = {isa = PBXFileReference; lastKnownFileType = text.plist.xml; path = Info.plist; sourceTree = "<group>"; };
		7E16B86F1E2D580600933E24 /* WaypointTests.xctest */ = {isa = PBXFileReference; explicitFileType = wrapper.cfbundle; includeInIndex = 0; path = WaypointTests.xctest; sourceTree = BUILT_PRODUCTS_DIR; };
		7E16B8731E2D580600933E24 /* WaypointTests.swift */ = {isa = PBXFileReference; lastKnownFileType = sourcecode.swift; path = WaypointTests.swift; sourceTree = "<group>"; };
		7E16B8751E2D580600933E24 /* Info.plist */ = {isa = PBXFileReference; lastKnownFileType = text.plist.xml; path = Info.plist; sourceTree = "<group>"; };
		7E16B87A1E2D580600933E24 /* WaypointUITests.xctest */ = {isa = PBXFileReference; explicitFileType = wrapper.cfbundle; includeInIndex = 0; path = WaypointUITests.xctest; sourceTree = BUILT_PRODUCTS_DIR; };
		7E16B87E1E2D580600933E24 /* WaypointUITests.swift */ = {isa = PBXFileReference; lastKnownFileType = sourcecode.swift; path = WaypointUITests.swift; sourceTree = "<group>"; };
		7E16B8801E2D580600933E24 /* Info.plist */ = {isa = PBXFileReference; lastKnownFileType = text.plist.xml; path = Info.plist; sourceTree = "<group>"; };
		7E3EF6E71E7522E50036A895 /* the_ships.plist */ = {isa = PBXFileReference; fileEncoding = 4; lastKnownFileType = text.plist.xml; path = the_ships.plist; sourceTree = "<group>"; };
		7E3EF6E91E7532EB0036A895 /* WPTBrainRadiiNode.swift */ = {isa = PBXFileReference; fileEncoding = 4; lastKnownFileType = sourcecode.swift; path = WPTBrainRadiiNode.swift; sourceTree = "<group>"; };
		7E4182C81E7ECA7100FCEBD8 /* WPTPuppetMaster.swift */ = {isa = PBXFileReference; fileEncoding = 4; lastKnownFileType = sourcecode.swift; path = WPTPuppetMaster.swift; sourceTree = "<group>"; };
		7E4215F71E5A6916004ADBD7 /* WPTCannon.swift */ = {isa = PBXFileReference; fileEncoding = 4; lastKnownFileType = sourcecode.swift; path = WPTCannon.swift; sourceTree = "<group>"; };
		7E4215FB1E5A6F23004ADBD7 /* WPTCannonBallNode.swift */ = {isa = PBXFileReference; fileEncoding = 4; lastKnownFileType = sourcecode.swift; path = WPTCannonBallNode.swift; sourceTree = "<group>"; };
		7E4215FD1E5A716E004ADBD7 /* WPTCannonBall.swift */ = {isa = PBXFileReference; fileEncoding = 4; lastKnownFileType = sourcecode.swift; path = WPTCannonBall.swift; sourceTree = "<group>"; };
		7E4216031E5B56BF004ADBD7 /* WPTFireRateManager.swift */ = {isa = PBXFileReference; fileEncoding = 4; lastKnownFileType = sourcecode.swift; path = WPTFireRateManager.swift; sourceTree = "<group>"; };
		7E43CC761E54B844009367BC /* trail_map.plist */ = {isa = PBXFileReference; fileEncoding = 4; lastKnownFileType = text.plist.xml; path = trail_map.plist; sourceTree = "<group>"; };
		7E43CC781E54CB50009367BC /* WPTPauseMenuNode.swift */ = {isa = PBXFileReference; fileEncoding = 4; lastKnownFileType = sourcecode.swift; path = WPTPauseMenuNode.swift; sourceTree = "<group>"; };
		7E5242871E56331D00120002 /* WPTTerrainNode.swift */ = {isa = PBXFileReference; fileEncoding = 4; lastKnownFileType = sourcecode.swift; path = WPTTerrainNode.swift; sourceTree = "<group>"; };
		7E52428F1E56440900120002 /* water.fsh */ = {isa = PBXFileReference; fileEncoding = 4; lastKnownFileType = sourcecode.glsl; path = water.fsh; sourceTree = "<group>"; };
		7E52C8591E61E72F004FDB27 /* WPTPlayerMovementNode.swift */ = {isa = PBXFileReference; fileEncoding = 4; lastKnownFileType = sourcecode.swift; path = WPTPlayerMovementNode.swift; sourceTree = "<group>"; };
		7E575DD51E69C1D2004D92BF /* WPTPort.swift */ = {isa = PBXFileReference; fileEncoding = 4; lastKnownFileType = sourcecode.swift; path = WPTPort.swift; sourceTree = "<group>"; };
		7E575DD71E69C3C7004D92BF /* WPTItemCatalog.swift */ = {isa = PBXFileReference; fileEncoding = 4; lastKnownFileType = sourcecode.swift; path = WPTItemCatalog.swift; sourceTree = "<group>"; };
		7E5A6BED1E5A0E070067EAF3 /* WPTCannonNode.swift */ = {isa = PBXFileReference; fileEncoding = 4; lastKnownFileType = sourcecode.swift; path = WPTCannonNode.swift; sourceTree = "<group>"; };
		7E5A6BEF1E5A0E200067EAF3 /* WPTCannonSet.swift */ = {isa = PBXFileReference; fileEncoding = 4; lastKnownFileType = sourcecode.swift; path = WPTCannonSet.swift; sourceTree = "<group>"; };
		7E5DB7291E7ED233000B1307 /* WPTPlayerPrepPMS.swift */ = {isa = PBXFileReference; fileEncoding = 4; lastKnownFileType = sourcecode.swift; path = WPTPlayerPrepPMS.swift; sourceTree = "<group>"; };
		7E5DB72B1E7ED271000B1307 /* WPTWaveCreationPMS.swift */ = {isa = PBXFileReference; fileEncoding = 4; lastKnownFileType = sourcecode.swift; path = WPTWaveCreationPMS.swift; sourceTree = "<group>"; };
		7E5DB72D1E7ED2A1000B1307 /* WPTWaveExecutionPMS.swift */ = {isa = PBXFileReference; fileEncoding = 4; lastKnownFileType = sourcecode.swift; path = WPTWaveExecutionPMS.swift; sourceTree = "<group>"; };
		7E5DB72F1E7ED324000B1307 /* WPTLevelBeatenPMS.swift */ = {isa = PBXFileReference; fileEncoding = 4; lastKnownFileType = sourcecode.swift; path = WPTLevelBeatenPMS.swift; sourceTree = "<group>"; };
		7E5DB7311E7EE2AA000B1307 /* WPTLevelWave.swift */ = {isa = PBXFileReference; fileEncoding = 4; lastKnownFileType = sourcecode.swift; path = WPTLevelWave.swift; sourceTree = "<group>"; };
		7E5F06551E438A2300EAC166 /* WPTScene.swift */ = {isa = PBXFileReference; fileEncoding = 4; lastKnownFileType = sourcecode.swift; path = WPTScene.swift; sourceTree = "<group>"; };
		7E6932941E53B48800AF7373 /* WPTLevelPlayerNode.swift */ = {isa = PBXFileReference; fileEncoding = 4; lastKnownFileType = sourcecode.swift; path = WPTLevelPlayerNode.swift; sourceTree = "<group>"; };
		7E6932961E53B55C00AF7373 /* WPTLevelActorNode.swift */ = {isa = PBXFileReference; fileEncoding = 4; lastKnownFileType = sourcecode.swift; path = WPTLevelActorNode.swift; sourceTree = "<group>"; };
		7E6932991E53E08100AF7373 /* WPTHudNode.swift */ = {isa = PBXFileReference; fileEncoding = 4; lastKnownFileType = sourcecode.swift; path = WPTHudNode.swift; sourceTree = "<group>"; };
		7E69329B1E53E0B200AF7373 /* WPTHudTopNode.swift */ = {isa = PBXFileReference; fileEncoding = 4; lastKnownFileType = sourcecode.swift; path = WPTHudTopNode.swift; sourceTree = "<group>"; };
		7E69329D1E53E0D500AF7373 /* WPTHudBottomNode.swift */ = {isa = PBXFileReference; fileEncoding = 4; lastKnownFileType = sourcecode.swift; path = WPTHudBottomNode.swift; sourceTree = "<group>"; };
		7E69329F1E53E2D500AF7373 /* WPTFireButtonNode.swift */ = {isa = PBXFileReference; fileEncoding = 4; lastKnownFileType = sourcecode.swift; path = WPTFireButtonNode.swift; sourceTree = "<group>"; };
		7E6932A11E53ECF500AF7373 /* WPTUpdatable.swift */ = {isa = PBXFileReference; fileEncoding = 4; lastKnownFileType = sourcecode.swift; path = WPTUpdatable.swift; sourceTree = "<group>"; };
		7E73A0A81E4A6F09008F6DA8 /* trail_shader.fsh */ = {isa = PBXFileReference; fileEncoding = 4; lastKnownFileType = sourcecode.glsl; path = trail_shader.fsh; sourceTree = "<group>"; };
		7E7C240B1E370FF500E10E7A /* WPTNewGameScene.swift */ = {isa = PBXFileReference; fileEncoding = 4; lastKnownFileType = sourcecode.swift; path = WPTNewGameScene.swift; sourceTree = "<group>"; };
		7E7C240E1E37124500E10E7A /* WPTLabelNode.swift */ = {isa = PBXFileReference; fileEncoding = 4; lastKnownFileType = sourcecode.swift; path = WPTLabelNode.swift; sourceTree = "<group>"; };
		7E7C24101E37169A00E10E7A /* WPTSceneLabelNode.swift */ = {isa = PBXFileReference; fileEncoding = 4; lastKnownFileType = sourcecode.swift; path = WPTSceneLabelNode.swift; sourceTree = "<group>"; };
		7EBF5E221E4D06D200F81982 /* WPTTrailStop.swift */ = {isa = PBXFileReference; fileEncoding = 4; lastKnownFileType = sourcecode.swift; path = WPTTrailStop.swift; sourceTree = "<group>"; };
		7EBF5E681E4E1B4000F81982 /* WPTUtils.swift */ = {isa = PBXFileReference; fileEncoding = 4; lastKnownFileType = sourcecode.swift; path = WPTUtils.swift; sourceTree = "<group>"; };
		7EBF5E6A1E4E213A00F81982 /* stat_bar.fsh */ = {isa = PBXFileReference; fileEncoding = 4; lastKnownFileType = sourcecode.glsl; path = stat_bar.fsh; sourceTree = "<group>"; };
		7EBF5E6C1E4E218200F81982 /* WPTStatBarNode.swift */ = {isa = PBXFileReference; fileEncoding = 4; lastKnownFileType = sourcecode.swift; path = WPTStatBarNode.swift; sourceTree = "<group>"; };
		7EC222051E72F49D00E98243 /* WPTWhirlpoolHandler.swift */ = {isa = PBXFileReference; fileEncoding = 4; lastKnownFileType = sourcecode.swift; path = WPTWhirlpoolHandler.swift; sourceTree = "<group>"; };
		7EC222071E72F54A00E98243 /* WPTPortDockingHandler.swift */ = {isa = PBXFileReference; fileEncoding = 4; lastKnownFileType = sourcecode.swift; path = WPTPortDockingHandler.swift; sourceTree = "<group>"; };
		7EC222091E73037300E98243 /* WPTDoNothingBS.swift */ = {isa = PBXFileReference; fileEncoding = 4; lastKnownFileType = sourcecode.swift; path = WPTDoNothingBS.swift; sourceTree = "<group>"; };
		7EC222151E730D1900E98243 /* WPTBrainTemplate.swift */ = {isa = PBXFileReference; fileEncoding = 4; lastKnownFileType = sourcecode.swift; path = WPTBrainTemplate.swift; sourceTree = "<group>"; };
		7EC9879C1E7F67F600626C60 /* 0_setting_sail.plist */ = {isa = PBXFileReference; fileEncoding = 4; lastKnownFileType = text.plist.xml; path = 0_setting_sail.plist; sourceTree = "<group>"; };
		7EC9879E1E7F905100626C60 /* stat_modifier_items.plist */ = {isa = PBXFileReference; fileEncoding = 4; lastKnownFileType = text.plist.xml; path = stat_modifier_items.plist; sourceTree = "<group>"; };
		7EC987A11E7F9FD600626C60 /* WPTStorage.swift */ = {isa = PBXFileReference; fileEncoding = 4; lastKnownFileType = sourcecode.swift; path = WPTStorage.swift; sourceTree = "<group>"; };
		7EC987A31E7FA20800626C60 /* WPTLootSummary.swift */ = {isa = PBXFileReference; fileEncoding = 4; lastKnownFileType = sourcecode.swift; path = WPTLootSummary.swift; sourceTree = "<group>"; };
		7ECB5A011E745CA500A05563 /* WPTPursueBS.swift */ = {isa = PBXFileReference; fileEncoding = 4; lastKnownFileType = sourcecode.swift; path = WPTPursueBS.swift; sourceTree = "<group>"; };
		7ECB5A031E745CD000A05563 /* WPTFleeBS.swift */ = {isa = PBXFileReference; fileEncoding = 4; lastKnownFileType = sourcecode.swift; path = WPTFleeBS.swift; sourceTree = "<group>"; };
		7ED049DC1E6F6A4600CD69E1 /* WPTBrain.swift */ = {isa = PBXFileReference; fileEncoding = 4; lastKnownFileType = sourcecode.swift; path = WPTBrain.swift; sourceTree = "<group>"; };
		7ED049DE1E6F6AA200CD69E1 /* WPTLevelEnemyNode.swift */ = {isa = PBXFileReference; fileEncoding = 4; lastKnownFileType = sourcecode.swift; path = WPTLevelEnemyNode.swift; sourceTree = "<group>"; };
		7ED049E01E6F6D4200CD69E1 /* WPTCatapultNode.swift */ = {isa = PBXFileReference; fileEncoding = 4; lastKnownFileType = sourcecode.swift; path = WPTCatapultNode.swift; sourceTree = "<group>"; };
		7ED049E21E6F6DE900CD69E1 /* WPTEnemyCatalog.swift */ = {isa = PBXFileReference; fileEncoding = 4; lastKnownFileType = sourcecode.swift; path = WPTEnemyCatalog.swift; sourceTree = "<group>"; };
		7ED2206A1E371EDE00D2AA68 /* WPTHighScoresScene.swift */ = {isa = PBXFileReference; fileEncoding = 4; lastKnownFileType = sourcecode.swift; path = WPTHighScoresScene.swift; sourceTree = "<group>"; };
		7ED2206C1E37215F00D2AA68 /* WPTSecretMessage.swift */ = {isa = PBXFileReference; fileEncoding = 4; lastKnownFileType = sourcecode.swift; path = WPTSecretMessage.swift; sourceTree = "<group>"; };
		7ED3775B1E4ABE8800DB1EA2 /* WPTTrailMap.swift */ = {isa = PBXFileReference; fileEncoding = 4; lastKnownFileType = sourcecode.swift; path = WPTTrailMap.swift; sourceTree = "<group>"; };
		7ED739001E44EBF500122903 /* WPTWorldMapNode.swift */ = {isa = PBXFileReference; fileEncoding = 4; lastKnownFileType = sourcecode.swift; path = WPTWorldMapNode.swift; sourceTree = "<group>"; };
		7ED739021E44F3B600122903 /* WPTActor.swift */ = {isa = PBXFileReference; fileEncoding = 4; lastKnownFileType = sourcecode.swift; path = WPTActor.swift; sourceTree = "<group>"; };
		7ED739041E44F9E100122903 /* WPTItem.swift */ = {isa = PBXFileReference; fileEncoding = 4; lastKnownFileType = sourcecode.swift; path = WPTItem.swift; sourceTree = "<group>"; };
		7ED963301E7DE57700B58C1C /* other_items.plist */ = {isa = PBXFileReference; fileEncoding = 4; lastKnownFileType = text.plist.xml; path = other_items.plist; sourceTree = "<group>"; };
		7ED963321E7DEA4900B58C1C /* brains.plist */ = {isa = PBXFileReference; fileEncoding = 4; lastKnownFileType = text.plist.xml; path = brains.plist; sourceTree = "<group>"; };
		7ED963361E7DEB5A00B58C1C /* WPTFleeOffenseBS.swift */ = {isa = PBXFileReference; fileEncoding = 4; lastKnownFileType = sourcecode.swift; path = WPTFleeOffenseBS.swift; sourceTree = "<group>"; };
		7ED963381E7DF18000B58C1C /* enemies.plist */ = {isa = PBXFileReference; fileEncoding = 4; lastKnownFileType = text.plist.xml; path = enemies.plist; sourceTree = "<group>"; };
		7ED9633A1E7DF1D400B58C1C /* WPTWanderBS.swift */ = {isa = PBXFileReference; fileEncoding = 4; lastKnownFileType = sourcecode.swift; path = WPTWanderBS.swift; sourceTree = "<group>"; };
		7EDAC9B31E71F101002CEC0F /* WPTLevelPhysicsContactHandler.swift */ = {isa = PBXFileReference; fileEncoding = 4; lastKnownFileType = sourcecode.swift; path = WPTLevelPhysicsContactHandler.swift; sourceTree = "<group>"; };
		7EDAC9B51E71FAA9002CEC0F /* WPTDockNode.swift */ = {isa = PBXFileReference; fileEncoding = 4; lastKnownFileType = sourcecode.swift; path = WPTDockNode.swift; sourceTree = "<group>"; };
		7EDD06391E4A1C750054EB7E /* WPTTrailMapNode.swift */ = {isa = PBXFileReference; fileEncoding = 4; lastKnownFileType = sourcecode.swift; path = WPTTrailMapNode.swift; sourceTree = "<group>"; };
		7EE57D391E69DAF20020693B /* repair_items.plist */ = {isa = PBXFileReference; fileEncoding = 4; lastKnownFileType = text.plist.xml; path = repair_items.plist; sourceTree = "<group>"; };
		7EE57D481E69E20C0020693B /* currency_items.plist */ = {isa = PBXFileReference; fileEncoding = 4; lastKnownFileType = text.plist.xml; path = currency_items.plist; sourceTree = "<group>"; };
		7EE7981A1E523030006D683B /* WPTPlayerProgress.swift */ = {isa = PBXFileReference; fileEncoding = 4; lastKnownFileType = sourcecode.swift; path = WPTPlayerProgress.swift; sourceTree = "<group>"; };
		7EE7981C1E5234A3006D683B /* WPTLevel.swift */ = {isa = PBXFileReference; fileEncoding = 4; lastKnownFileType = sourcecode.swift; path = WPTLevel.swift; sourceTree = "<group>"; };
		7EE8A8C71E6F779700C119B9 /* WPTShipCatalog.swift */ = {isa = PBXFileReference; fileEncoding = 4; lastKnownFileType = sourcecode.swift; path = WPTShipCatalog.swift; sourceTree = "<group>"; };
		7EE8A8F31E6FA4A500C119B9 /* WPTEnemy.swift */ = {isa = PBXFileReference; fileEncoding = 4; lastKnownFileType = sourcecode.swift; path = WPTEnemy.swift; sourceTree = "<group>"; };
		7EE8A9111E6FD07F00C119B9 /* WPTPortNode.swift */ = {isa = PBXFileReference; fileEncoding = 4; lastKnownFileType = sourcecode.swift; path = WPTPortNode.swift; sourceTree = "<group>"; };
		7EE8A9141E6FDD7100C119B9 /* 1_sea_legs.plist */ = {isa = PBXFileReference; fileEncoding = 4; lastKnownFileType = text.plist.xml; path = 1_sea_legs.plist; sourceTree = "<group>"; };
		7EE8A9151E6FDD7100C119B9 /* 2_pegleg_plunder.plist */ = {isa = PBXFileReference; fileEncoding = 4; lastKnownFileType = text.plist.xml; path = 2_pegleg_plunder.plist; sourceTree = "<group>"; };
		7EE8A9161E6FDD7100C119B9 /* 3_cutlass_careen.plist */ = {isa = PBXFileReference; fileEncoding = 4; lastKnownFileType = text.plist.xml; path = 3_cutlass_careen.plist; sourceTree = "<group>"; };
		7EE8A9171E6FDD7100C119B9 /* 4_fire_in_the_hole.plist */ = {isa = PBXFileReference; fileEncoding = 4; lastKnownFileType = text.plist.xml; path = 4_fire_in_the_hole.plist; sourceTree = "<group>"; };
		7EE8A9181E6FDD7100C119B9 /* 5_dead_men_tell_no_tales.plist */ = {isa = PBXFileReference; fileEncoding = 4; lastKnownFileType = text.plist.xml; path = 5_dead_men_tell_no_tales.plist; sourceTree = "<group>"; };
		7EE8A9191E6FDD7100C119B9 /* 6_davy_jones_locker.plist */ = {isa = PBXFileReference; fileEncoding = 4; lastKnownFileType = text.plist.xml; path = 6_davy_jones_locker.plist; sourceTree = "<group>"; };
		7EE8A91A1E6FDD7100C119B9 /* 7_letter_of_marque.plist */ = {isa = PBXFileReference; fileEncoding = 4; lastKnownFileType = text.plist.xml; path = 7_letter_of_marque.plist; sourceTree = "<group>"; };
		7EE8A91B1E6FDD7100C119B9 /* 8_give_no_quarter.plist */ = {isa = PBXFileReference; fileEncoding = 4; lastKnownFileType = text.plist.xml; path = 8_give_no_quarter.plist; sourceTree = "<group>"; };
		7EE8A91C1E6FDD7100C119B9 /* 9_boom_about.plist */ = {isa = PBXFileReference; fileEncoding = 4; lastKnownFileType = text.plist.xml; path = 9_boom_about.plist; sourceTree = "<group>"; };
		7EE8A91D1E6FDD7100C119B9 /* 10_high_seas.plist */ = {isa = PBXFileReference; fileEncoding = 4; lastKnownFileType = text.plist.xml; path = 10_high_seas.plist; sourceTree = "<group>"; };
		7EE8A91E1E6FDD7100C119B9 /* 11_shiver_me_timbers.plist */ = {isa = PBXFileReference; fileEncoding = 4; lastKnownFileType = text.plist.xml; path = 11_shiver_me_timbers.plist; sourceTree = "<group>"; };
		7EF61E8B1E3B057900CB4CAB /* WPTShipPickerNode.swift */ = {isa = PBXFileReference; fileEncoding = 4; lastKnownFileType = sourcecode.swift; path = WPTShipPickerNode.swift; sourceTree = "<group>"; };
		7EF76AA91E52DB7E003BFCD1 /* WPTWorldPlayerNode.swift */ = {isa = PBXFileReference; fileEncoding = 4; lastKnownFileType = sourcecode.swift; path = WPTWorldPlayerNode.swift; sourceTree = "<group>"; };
/* End PBXFileReference section */

/* Begin PBXFrameworksBuildPhase section */
		7E16B8521E2D580600933E24 /* Frameworks */ = {
			isa = PBXFrameworksBuildPhase;
			buildActionMask = 2147483647;
			files = (
			);
			runOnlyForDeploymentPostprocessing = 0;
		};
		7E16B86C1E2D580600933E24 /* Frameworks */ = {
			isa = PBXFrameworksBuildPhase;
			buildActionMask = 2147483647;
			files = (
			);
			runOnlyForDeploymentPostprocessing = 0;
		};
		7E16B8771E2D580600933E24 /* Frameworks */ = {
			isa = PBXFrameworksBuildPhase;
			buildActionMask = 2147483647;
			files = (
			);
			runOnlyForDeploymentPostprocessing = 0;
		};
/* End PBXFrameworksBuildPhase section */

/* Begin PBXGroup section */
		2D1704351E6F66EB0000827E /* Entities */ = {
			isa = PBXGroup;
			children = (
				7E4215FB1E5A6F23004ADBD7 /* WPTCannonBallNode.swift */,
				2D1704481E70D23F0000827E /* WPTItemNode.swift */,
				7EDAC9B51E71FAA9002CEC0F /* WPTDockNode.swift */,
				7EE8A9111E6FD07F00C119B9 /* WPTPortNode.swift */,
				2D1704361E6F66FD0000827E /* WPTWhirlpoolNode.swift */,
				2D1704381E6F670A0000827E /* WPTBoulderNode.swift */,
			);
			name = Entities;
			sourceTree = "<group>";
		};
		2D8E804C1E3ADBAF00CB2E0B /* Models */ = {
			isa = PBXGroup;
			children = (
				7EC987A01E7F9FC300626C60 /* Storage */,
				7E575DD41E69C18B004D92BF /* Levels */,
				7EBF5E211E4D06B200F81982 /* Trail */,
				2D8E804D1E3ADBC400CB2E0B /* WPTShip.swift */,
				7ED739021E44F3B600122903 /* WPTActor.swift */,
				7ED739041E44F9E100122903 /* WPTItem.swift */,
				7E13F6331E48F8B900B5D2FD /* WPTPlayer.swift */,
				7E5A6BEF1E5A0E200067EAF3 /* WPTCannonSet.swift */,
				7E4215F71E5A6916004ADBD7 /* WPTCannon.swift */,
				7E4215FD1E5A716E004ADBD7 /* WPTCannonBall.swift */,
				7EE8A8F31E6FA4A500C119B9 /* WPTEnemy.swift */,
				7EC222151E730D1900E98243 /* WPTBrainTemplate.swift */,
			);
			name = Models;
			sourceTree = "<group>";
		};
		2DEBBB081E32E0ED00F059C0 /* Scenes */ = {
			isa = PBXGroup;
			children = (
				7E16B85E1E2D580600933E24 /* WPTSplashScene.swift */,
				7E0D62021E36650B009C8516 /* WPTHomeScene.swift */,
				7E7C240B1E370FF500E10E7A /* WPTNewGameScene.swift */,
				7ED2206A1E371EDE00D2AA68 /* WPTHighScoresScene.swift */,
				7ED2206C1E37215F00D2AA68 /* WPTSecretMessage.swift */,
				2D8E804A1E3AD6D000CB2E0B /* WPTSettingsScene.swift */,
				7E5F06551E438A2300EAC166 /* WPTScene.swift */,
				7E13F62F1E48F50200B5D2FD /* WPTWorldScene.swift */,
				7E13F6311E48F53200B5D2FD /* WPTLevelScene.swift */,
			);
			name = Scenes;
			sourceTree = "<group>";
		};
		7E0D620D1E366ED1009C8516 /* Fonts */ = {
			isa = PBXGroup;
			children = (
				2D6D53721E36871C00AFF40E /* BOOTERFZ.ttf */,
				7E0D620E1E366EE3009C8516 /* TradeWinds-Regular.ttf */,
			);
			name = Fonts;
			path = ..;
			sourceTree = "<group>";
		};
		7E13F6281E48EA7400B5D2FD /* Sound */ = {
			isa = PBXGroup;
			children = (
				7E13F62A1E48EA7E00B5D2FD /* Music */,
				7E13F6291E48EA7800B5D2FD /* Effects */,
			);
			name = Sound;
			path = ..;
			sourceTree = "<group>";
		};
		7E13F6291E48EA7800B5D2FD /* Effects */ = {
			isa = PBXGroup;
			children = (
				2D17044E1E7105940000827E /* coin.mp3 */,
				2D17044C1E7104090000827E /* cannon.mp3 */,
				2D17044A1E7103D70000827E /* explosion.mp3 */,
				7E13F62D1E48ECAD00B5D2FD /* sword1.caf */,
			);
			name = Effects;
			sourceTree = "<group>";
		};
		7E13F62A1E48EA7E00B5D2FD /* Music */ = {
			isa = PBXGroup;
			children = (
				2D1703E21E62665B0000827E /* windWaker.mp3 */,
				2D1703E01E6266440000827E /* howToTrainYourDragon.m4a */,
				2D1703DE1E6264200000827E /* dragonRoost.m4a */,
				2D1703DC1E625F1E0000827E /* distance.m4a */,
			);
			name = Music;
			sourceTree = "<group>";
		};
		7E1472801E71A6E8005E5A4C /* States */ = {
			isa = PBXGroup;
			children = (
				7E1472851E71ACB4005E5A4C /* WPTStandAndShootBS.swift */,
				7EC222091E73037300E98243 /* WPTDoNothingBS.swift */,
				7ECB5A011E745CA500A05563 /* WPTPursueBS.swift */,
				7ECB5A031E745CD000A05563 /* WPTFleeBS.swift */,
				7ED963361E7DEB5A00B58C1C /* WPTFleeOffenseBS.swift */,
				7ED9633A1E7DF1D400B58C1C /* WPTWanderBS.swift */,
			);
			name = States;
			sourceTree = "<group>";
		};
		7E16B84C1E2D580600933E24 = {
			isa = PBXGroup;
			children = (
				7E16B8571E2D580600933E24 /* Waypoint */,
				7E16B8721E2D580600933E24 /* WaypointTests */,
				7E16B87D1E2D580600933E24 /* WaypointUITests */,
				7E16B8561E2D580600933E24 /* Products */,
			);
			sourceTree = "<group>";
		};
		7E16B8561E2D580600933E24 /* Products */ = {
			isa = PBXGroup;
			children = (
				7E16B8551E2D580600933E24 /* Waypoint.app */,
				7E16B86F1E2D580600933E24 /* WaypointTests.xctest */,
				7E16B87A1E2D580600933E24 /* WaypointUITests.xctest */,
			);
			name = Products;
			sourceTree = "<group>";
		};
		7E16B8571E2D580600933E24 /* Waypoint */ = {
			isa = PBXGroup;
			children = (
				7E4216021E5B56A8004ADBD7 /* Utils */,
				7E6932A31E53EDB400AF7373 /* Resources */,
				7EF61E891E3B056200CB4CAB /* Nodes */,
				2D8E804C1E3ADBAF00CB2E0B /* Models */,
				2DEBBB081E32E0ED00F059C0 /* Scenes */,
				7E16B8581E2D580600933E24 /* AppDelegate.swift */,
				7E16B8601E2D580600933E24 /* GameViewController.swift */,
				7E16B8621E2D580600933E24 /* Main.storyboard */,
				7E16B8651E2D580600933E24 /* Assets.xcassets */,
				7E16B86A1E2D580600933E24 /* Info.plist */,
				7E0D62101E366F5F009C8516 /* WPTValues.swift */,
				7E13F6241E48E51000B5D2FD /* WPTConfig.swift */,
			);
			path = Waypoint;
			sourceTree = "<group>";
		};
		7E16B8721E2D580600933E24 /* WaypointTests */ = {
			isa = PBXGroup;
			children = (
				7E16B8731E2D580600933E24 /* WaypointTests.swift */,
				7E16B8751E2D580600933E24 /* Info.plist */,
				7E13F6221E48E22900B5D2FD /* ActorTests.swift */,
			);
			path = WaypointTests;
			sourceTree = "<group>";
		};
		7E16B87D1E2D580600933E24 /* WaypointUITests */ = {
			isa = PBXGroup;
			children = (
				7E16B87E1E2D580600933E24 /* WaypointUITests.swift */,
				7E16B8801E2D580600933E24 /* Info.plist */,
			);
			path = WaypointUITests;
			sourceTree = "<group>";
		};
		7E4182C71E7EC9C900FCEBD8 /* PuppetMaster */ = {
			isa = PBXGroup;
			children = (
				7E4182C81E7ECA7100FCEBD8 /* WPTPuppetMaster.swift */,
				7E5DB7291E7ED233000B1307 /* WPTPlayerPrepPMS.swift */,
				7E5DB72B1E7ED271000B1307 /* WPTWaveCreationPMS.swift */,
				7E5DB72D1E7ED2A1000B1307 /* WPTWaveExecutionPMS.swift */,
				7E5DB72F1E7ED324000B1307 /* WPTLevelBeatenPMS.swift */,
			);
			name = PuppetMaster;
			sourceTree = "<group>";
		};
		7E4216021E5B56A8004ADBD7 /* Utils */ = {
			isa = PBXGroup;
			children = (
				7E4182C71E7EC9C900FCEBD8 /* PuppetMaster */,
				7EDAC9B31E71F101002CEC0F /* WPTLevelPhysicsContactHandler.swift */,
				7E4C88C81E72ED0600760EDA /* Catalogs */,
				7ED049DB1E6F6A0D00CD69E1 /* Brains */,
				7EBF5E681E4E1B4000F81982 /* WPTUtils.swift */,
				7E4216031E5B56BF004ADBD7 /* WPTFireRateManager.swift */,
				7E0C78941E73D1DD006C79C3 /* WPTCircle.swift */,
				7E0C78961E73D224006C79C3 /* WPTLine.swift */,
			);
			name = Utils;
			sourceTree = "<group>";
		};
		7E4C88C81E72ED0600760EDA /* Catalogs */ = {
			isa = PBXGroup;
			children = (
				7E575DD71E69C3C7004D92BF /* WPTItemCatalog.swift */,
				7ED049E21E6F6DE900CD69E1 /* WPTEnemyCatalog.swift */,
				7EE8A8C71E6F779700C119B9 /* WPTShipCatalog.swift */,
			);
			name = Catalogs;
			sourceTree = "<group>";
		};
		7E52428D1E5643F300120002 /* UI */ = {
			isa = PBXGroup;
			children = (
				7E73A0A81E4A6F09008F6DA8 /* trail_shader.fsh */,
				7EBF5E6A1E4E213A00F81982 /* stat_bar.fsh */,
			);
			name = UI;
			sourceTree = "<group>";
		};
		7E52428E1E5643FB00120002 /* Level */ = {
			isa = PBXGroup;
			children = (
				7E52428F1E56440900120002 /* water.fsh */,
			);
			name = Level;
			sourceTree = "<group>";
		};
		7E575DD41E69C18B004D92BF /* Levels */ = {
			isa = PBXGroup;
			children = (
				7EE7981C1E5234A3006D683B /* WPTLevel.swift */,
				7E575DD51E69C1D2004D92BF /* WPTPort.swift */,
				7E5DB7311E7EE2AA000B1307 /* WPTLevelWave.swift */,
			);
			name = Levels;
			sourceTree = "<group>";
		};
		7E575DD91E69CBA4004D92BF /* Items */ = {
			isa = PBXGroup;
			children = (
				7EE57D481E69E20C0020693B /* currency_items.plist */,
				7ED963301E7DE57700B58C1C /* other_items.plist */,
				7EE57D391E69DAF20020693B /* repair_items.plist */,
				7EC9879E1E7F905100626C60 /* stat_modifier_items.plist */,
			);
			name = Items;
			sourceTree = "<group>";
		};
		7E5A6BEB1E5A0DA90067EAF3 /* Actors */ = {
			isa = PBXGroup;
			children = (
				7E5A6BED1E5A0E070067EAF3 /* WPTCannonNode.swift */,
				7E52C8591E61E72F004FDB27 /* WPTPlayerMovementNode.swift */,
				7E6932941E53B48800AF7373 /* WPTLevelPlayerNode.swift */,
				7E6932961E53B55C00AF7373 /* WPTLevelActorNode.swift */,
				7ED049DE1E6F6AA200CD69E1 /* WPTLevelEnemyNode.swift */,
				7ED049E01E6F6D4200CD69E1 /* WPTCatapultNode.swift */,
				7E3EF6E91E7532EB0036A895 /* WPTBrainRadiiNode.swift */,
			);
			name = Actors;
			sourceTree = "<group>";
		};
		7E6932931E53B47700AF7373 /* Level */ = {
			isa = PBXGroup;
			children = (
				7EC222041E72F48500E98243 /* Components */,
				2D1704351E6F66EB0000827E /* Entities */,
				7E5A6BEB1E5A0DA90067EAF3 /* Actors */,
				7E6932981E53DFFB00AF7373 /* HUD */,
				7E5242871E56331D00120002 /* WPTTerrainNode.swift */,
			);
			name = Level;
			sourceTree = "<group>";
		};
		7E6932981E53DFFB00AF7373 /* HUD */ = {
			isa = PBXGroup;
			children = (
				2D17043A1E6FF3CD0000827E /* WPTHealthNode.swift */,
				7E6932991E53E08100AF7373 /* WPTHudNode.swift */,
				7E69329B1E53E0B200AF7373 /* WPTHudTopNode.swift */,
				7E69329D1E53E0D500AF7373 /* WPTHudBottomNode.swift */,
				7E69329F1E53E2D500AF7373 /* WPTFireButtonNode.swift */,
				7E43CC781E54CB50009367BC /* WPTPauseMenuNode.swift */,
				2D1703DA1E601E180000827E /* WPTMapView.swift */,
			);
			name = HUD;
			sourceTree = "<group>";
		};
		7E6932A31E53EDB400AF7373 /* Resources */ = {
			isa = PBXGroup;
			children = (
				7ED3775A1E4AB4F000DB1EA2 /* Data */,
				7E73A0A71E4A6EE3008F6DA8 /* Shaders */,
				7E13F6281E48EA7400B5D2FD /* Sound */,
				7E0D620D1E366ED1009C8516 /* Fonts */,
				2D17043E1E7005170000827E /* fire.sks */,
				2D1704461E7009890000827E /* explosion.sks */,
			);
			name = Resources;
			sourceTree = "<group>";
		};
		7E6932A41E54117900AF7373 /* Levels */ = {
			isa = PBXGroup;
			children = (
				7EC9879C1E7F67F600626C60 /* 0_setting_sail.plist */,
				7EE8A9141E6FDD7100C119B9 /* 1_sea_legs.plist */,
				7EE8A9151E6FDD7100C119B9 /* 2_pegleg_plunder.plist */,
				7EE8A9161E6FDD7100C119B9 /* 3_cutlass_careen.plist */,
				7EE8A9171E6FDD7100C119B9 /* 4_fire_in_the_hole.plist */,
				7EE8A9181E6FDD7100C119B9 /* 5_dead_men_tell_no_tales.plist */,
				7EE8A9191E6FDD7100C119B9 /* 6_davy_jones_locker.plist */,
				7EE8A91A1E6FDD7100C119B9 /* 7_letter_of_marque.plist */,
				7EE8A91B1E6FDD7100C119B9 /* 8_give_no_quarter.plist */,
				7EE8A91C1E6FDD7100C119B9 /* 9_boom_about.plist */,
				7EE8A91D1E6FDD7100C119B9 /* 10_high_seas.plist */,
				7EE8A91E1E6FDD7100C119B9 /* 11_shiver_me_timbers.plist */,
			);
			name = Levels;
			sourceTree = "<group>";
		};
		7E73A0A71E4A6EE3008F6DA8 /* Shaders */ = {
			isa = PBXGroup;
			children = (
				7E52428E1E5643FB00120002 /* Level */,
				7E52428D1E5643F300120002 /* UI */,
			);
			name = Shaders;
			path = ..;
			sourceTree = "<group>";
		};
		7EBF5E211E4D06B200F81982 /* Trail */ = {
			isa = PBXGroup;
			children = (
				7ED3775B1E4ABE8800DB1EA2 /* WPTTrailMap.swift */,
				7EBF5E221E4D06D200F81982 /* WPTTrailStop.swift */,
			);
			name = Trail;
			sourceTree = "<group>";
		};
		7EC222041E72F48500E98243 /* Components */ = {
			isa = PBXGroup;
			children = (
				7EC222051E72F49D00E98243 /* WPTWhirlpoolHandler.swift */,
				7EC222071E72F54A00E98243 /* WPTPortDockingHandler.swift */,
			);
			name = Components;
			sourceTree = "<group>";
		};
		7EC987A01E7F9FC300626C60 /* Storage */ = {
			isa = PBXGroup;
			children = (
				7EE7981A1E523030006D683B /* WPTPlayerProgress.swift */,
				7EC987A11E7F9FD600626C60 /* WPTStorage.swift */,
				7EC987A31E7FA20800626C60 /* WPTLootSummary.swift */,
			);
			name = Storage;
			sourceTree = "<group>";
		};
		7ED049DB1E6F6A0D00CD69E1 /* Brains */ = {
			isa = PBXGroup;
			children = (
				7E1472811E71A784005E5A4C /* WPTBrainState.swift */,
				7E1472831E71AA8F005E5A4C /* WPTBrainStateFactory.swift */,
				7ED049DC1E6F6A4600CD69E1 /* WPTBrain.swift */,
				7E1472801E71A6E8005E5A4C /* States */,
			);
			name = Brains;
			sourceTree = "<group>";
		};
		7ED3775A1E4AB4F000DB1EA2 /* Data */ = {
			isa = PBXGroup;
			children = (
				7E575DD91E69CBA4004D92BF /* Items */,
				7E6932A41E54117900AF7373 /* Levels */,
				7E43CC761E54B844009367BC /* trail_map.plist */,
				7E0C78921E73C2C2006C79C3 /* the_enemy_ships.plist */,
				7ED963321E7DEA4900B58C1C /* brains.plist */,
				7ED963381E7DF18000B58C1C /* enemies.plist */,
				7E3EF6E71E7522E50036A895 /* the_ships.plist */,
				2D1703D61E590F8C0000827E /* random_ship_names.plist */,
			);
			name = Data;
			sourceTree = "<group>";
		};
		7EF61E891E3B056200CB4CAB /* Nodes */ = {
			isa = PBXGroup;
			children = (
				7E6932A11E53ECF500AF7373 /* WPTUpdatable.swift */,
				7E6932931E53B47700AF7373 /* Level */,
				7EF76AA81E52DB66003BFCD1 /* World */,
				7EF61E8A1E3B056800CB4CAB /* UI */,
			);
			name = Nodes;
			sourceTree = "<group>";
		};
		7EF61E8A1E3B056800CB4CAB /* UI */ = {
			isa = PBXGroup;
			children = (
				2D7FD1801E5801A1001B6208 /* WPTShipNamePopUpNode.swift */,
				7E7C240E1E37124500E10E7A /* WPTLabelNode.swift */,
				7E7C24101E37169A00E10E7A /* WPTSceneLabelNode.swift */,
				7EF61E8B1E3B057900CB4CAB /* WPTShipPickerNode.swift */,
				7EBF5E6C1E4E218200F81982 /* WPTStatBarNode.swift */,
			);
			name = UI;
			sourceTree = "<group>";
		};
		7EF76AA81E52DB66003BFCD1 /* World */ = {
			isa = PBXGroup;
			children = (
				7ED739001E44EBF500122903 /* WPTWorldMapNode.swift */,
				7EDD06391E4A1C750054EB7E /* WPTTrailMapNode.swift */,
				7EF76AA91E52DB7E003BFCD1 /* WPTWorldPlayerNode.swift */,
			);
			name = World;
			sourceTree = "<group>";
		};
/* End PBXGroup section */

/* Begin PBXNativeTarget section */
		7E16B8541E2D580600933E24 /* Waypoint */ = {
			isa = PBXNativeTarget;
			buildConfigurationList = 7E16B8831E2D580600933E24 /* Build configuration list for PBXNativeTarget "Waypoint" */;
			buildPhases = (
				7E16B8511E2D580600933E24 /* Sources */,
				7E16B8521E2D580600933E24 /* Frameworks */,
				7E16B8531E2D580600933E24 /* Resources */,
			);
			buildRules = (
			);
			dependencies = (
			);
			name = Waypoint;
			productName = Waypoint;
			productReference = 7E16B8551E2D580600933E24 /* Waypoint.app */;
			productType = "com.apple.product-type.application";
		};
		7E16B86E1E2D580600933E24 /* WaypointTests */ = {
			isa = PBXNativeTarget;
			buildConfigurationList = 7E16B8861E2D580600933E24 /* Build configuration list for PBXNativeTarget "WaypointTests" */;
			buildPhases = (
				7E16B86B1E2D580600933E24 /* Sources */,
				7E16B86C1E2D580600933E24 /* Frameworks */,
				7E16B86D1E2D580600933E24 /* Resources */,
			);
			buildRules = (
			);
			dependencies = (
				7E16B8711E2D580600933E24 /* PBXTargetDependency */,
			);
			name = WaypointTests;
			productName = WaypointTests;
			productReference = 7E16B86F1E2D580600933E24 /* WaypointTests.xctest */;
			productType = "com.apple.product-type.bundle.unit-test";
		};
		7E16B8791E2D580600933E24 /* WaypointUITests */ = {
			isa = PBXNativeTarget;
			buildConfigurationList = 7E16B8891E2D580600933E24 /* Build configuration list for PBXNativeTarget "WaypointUITests" */;
			buildPhases = (
				7E16B8761E2D580600933E24 /* Sources */,
				7E16B8771E2D580600933E24 /* Frameworks */,
				7E16B8781E2D580600933E24 /* Resources */,
			);
			buildRules = (
			);
			dependencies = (
				7E16B87C1E2D580600933E24 /* PBXTargetDependency */,
			);
			name = WaypointUITests;
			productName = WaypointUITests;
			productReference = 7E16B87A1E2D580600933E24 /* WaypointUITests.xctest */;
			productType = "com.apple.product-type.bundle.ui-testing";
		};
/* End PBXNativeTarget section */

/* Begin PBXProject section */
		7E16B84D1E2D580600933E24 /* Project object */ = {
			isa = PBXProject;
			attributes = {
				LastSwiftUpdateCheck = 0820;
				LastUpgradeCheck = 0820;
				ORGANIZATIONNAME = cpe436group;
				TargetAttributes = {
					7E16B8541E2D580600933E24 = {
						CreatedOnToolsVersion = 8.2.1;
						DevelopmentTeam = 66743KUV39;
						ProvisioningStyle = Automatic;
					};
					7E16B86E1E2D580600933E24 = {
						CreatedOnToolsVersion = 8.2.1;
						ProvisioningStyle = Automatic;
						TestTargetID = 7E16B8541E2D580600933E24;
					};
					7E16B8791E2D580600933E24 = {
						CreatedOnToolsVersion = 8.2.1;
						ProvisioningStyle = Automatic;
						TestTargetID = 7E16B8541E2D580600933E24;
					};
				};
			};
			buildConfigurationList = 7E16B8501E2D580600933E24 /* Build configuration list for PBXProject "Waypoint" */;
			compatibilityVersion = "Xcode 3.2";
			developmentRegion = English;
			hasScannedForEncodings = 0;
			knownRegions = (
				en,
				Base,
			);
			mainGroup = 7E16B84C1E2D580600933E24;
			productRefGroup = 7E16B8561E2D580600933E24 /* Products */;
			projectDirPath = "";
			projectRoot = "";
			targets = (
				7E16B8541E2D580600933E24 /* Waypoint */,
				7E16B86E1E2D580600933E24 /* WaypointTests */,
				7E16B8791E2D580600933E24 /* WaypointUITests */,
			);
		};
/* End PBXProject section */

/* Begin PBXResourcesBuildPhase section */
		7E16B8531E2D580600933E24 /* Resources */ = {
			isa = PBXResourcesBuildPhase;
			buildActionMask = 2147483647;
			files = (
				7E16B8641E2D580600933E24 /* Main.storyboard in Resources */,
				7E0C78931E73C2C2006C79C3 /* the_enemy_ships.plist in Resources */,
				7E3EF6E81E7522E50036A895 /* the_ships.plist in Resources */,
				7EE8A9221E6FDD7100C119B9 /* 3_cutlass_careen.plist in Resources */,
				7EE8A9271E6FDD7100C119B9 /* 8_give_no_quarter.plist in Resources */,
				7E5242901E56440900120002 /* water.fsh in Resources */,
				2D17044B1E7103D70000827E /* explosion.mp3 in Resources */,
				7EE57D3C1E69DAF20020693B /* repair_items.plist in Resources */,
				7E16B8661E2D580600933E24 /* Assets.xcassets in Resources */,
				7EE8A9201E6FDD7100C119B9 /* 1_sea_legs.plist in Resources */,
				7ED963311E7DE57700B58C1C /* other_items.plist in Resources */,
				2D1703D71E590F8C0000827E /* random_ship_names.plist in Resources */,
				7EE8A9231E6FDD7100C119B9 /* 4_fire_in_the_hole.plist in Resources */,
				7EE8A92A1E6FDD7100C119B9 /* 11_shiver_me_timbers.plist in Resources */,
				7EC9879F1E7F905100626C60 /* stat_modifier_items.plist in Resources */,
				7EC9879D1E7F67F600626C60 /* 0_setting_sail.plist in Resources */,
				7ED963391E7DF18000B58C1C /* enemies.plist in Resources */,
				7EE8A9241E6FDD7100C119B9 /* 5_dead_men_tell_no_tales.plist in Resources */,
				7EE8A9281E6FDD7100C119B9 /* 9_boom_about.plist in Resources */,
				7EBF5E6B1E4E213A00F81982 /* stat_bar.fsh in Resources */,
				7ED963341E7DEA4900B58C1C /* brains.plist in Resources */,
				2D1703E11E6266440000827E /* howToTrainYourDragon.m4a in Resources */,
				7EE8A9251E6FDD7100C119B9 /* 6_davy_jones_locker.plist in Resources */,
				7E0D620F1E366EE3009C8516 /* TradeWinds-Regular.ttf in Resources */,
				2D1703DF1E6264200000827E /* dragonRoost.m4a in Resources */,
				2D1703E31E62665B0000827E /* windWaker.mp3 in Resources */,
				2D6D53731E36871C00AFF40E /* BOOTERFZ.ttf in Resources */,
				7EE8A9211E6FDD7100C119B9 /* 2_pegleg_plunder.plist in Resources */,
				2D17044F1E7105940000827E /* coin.mp3 in Resources */,
				7E43CC771E54B844009367BC /* trail_map.plist in Resources */,
				2D1704471E7009890000827E /* explosion.sks in Resources */,
				2D17044D1E7104090000827E /* cannon.mp3 in Resources */,
				7E13F62E1E48ECF500B5D2FD /* sword1.caf in Resources */,
				2D17043F1E7005170000827E /* fire.sks in Resources */,
				7EE8A9291E6FDD7100C119B9 /* 10_high_seas.plist in Resources */,
				2D1703DD1E625F1E0000827E /* distance.m4a in Resources */,
				7E73A0A91E4A6F09008F6DA8 /* trail_shader.fsh in Resources */,
				7EE57D491E69E20C0020693B /* currency_items.plist in Resources */,
				7EE8A9261E6FDD7100C119B9 /* 7_letter_of_marque.plist in Resources */,
			);
			runOnlyForDeploymentPostprocessing = 0;
		};
		7E16B86D1E2D580600933E24 /* Resources */ = {
			isa = PBXResourcesBuildPhase;
			buildActionMask = 2147483647;
			files = (
			);
			runOnlyForDeploymentPostprocessing = 0;
		};
		7E16B8781E2D580600933E24 /* Resources */ = {
			isa = PBXResourcesBuildPhase;
			buildActionMask = 2147483647;
			files = (
			);
			runOnlyForDeploymentPostprocessing = 0;
		};
/* End PBXResourcesBuildPhase section */

/* Begin PBXSourcesBuildPhase section */
		7E16B8511E2D580600933E24 /* Sources */ = {
			isa = PBXSourcesBuildPhase;
			buildActionMask = 2147483647;
			files = (
				7EF61E8C1E3B057900CB4CAB /* WPTShipPickerNode.swift in Sources */,
				7EE7981B1E523030006D683B /* WPTPlayerProgress.swift in Sources */,
				7E43CC791E54CB50009367BC /* WPTPauseMenuNode.swift in Sources */,
				7EBF5E6D1E4E218200F81982 /* WPTStatBarNode.swift in Sources */,
				7ED3775C1E4ABE8800DB1EA2 /* WPTTrailMap.swift in Sources */,
				7EC222061E72F49D00E98243 /* WPTWhirlpoolHandler.swift in Sources */,
				7E5DB7301E7ED324000B1307 /* WPTLevelBeatenPMS.swift in Sources */,
				7E5DB72E1E7ED2A1000B1307 /* WPTWaveExecutionPMS.swift in Sources */,
				7E16B85F1E2D580600933E24 /* WPTSplashScene.swift in Sources */,
				7E6932951E53B48800AF7373 /* WPTLevelPlayerNode.swift in Sources */,
				7ED739031E44F3B600122903 /* WPTActor.swift in Sources */,
				7ED739051E44F9E100122903 /* WPTItem.swift in Sources */,
				7ED049DF1E6F6AA200CD69E1 /* WPTLevelEnemyNode.swift in Sources */,
				7E69329C1E53E0B200AF7373 /* WPTHudTopNode.swift in Sources */,
				7E7C24111E37169A00E10E7A /* WPTSceneLabelNode.swift in Sources */,
				7E6932A21E53ECF500AF7373 /* WPTUpdatable.swift in Sources */,
				7E6932A01E53E2D500AF7373 /* WPTFireButtonNode.swift in Sources */,
				7EDAC9B41E71F101002CEC0F /* WPTLevelPhysicsContactHandler.swift in Sources */,
				7EE7981D1E5234A3006D683B /* WPTLevel.swift in Sources */,
				7ED2206B1E371EDE00D2AA68 /* WPTHighScoresScene.swift in Sources */,
				7E0D62031E36650B009C8516 /* WPTHomeScene.swift in Sources */,
				7ED963371E7DEB5A00B58C1C /* WPTFleeOffenseBS.swift in Sources */,
				7E7C240F1E37124500E10E7A /* WPTLabelNode.swift in Sources */,
				2D1704391E6F670A0000827E /* WPTBoulderNode.swift in Sources */,
				7E69329A1E53E08100AF7373 /* WPTHudNode.swift in Sources */,
				7E5F06561E438A2300EAC166 /* WPTScene.swift in Sources */,
				7E5DB72A1E7ED233000B1307 /* WPTPlayerPrepPMS.swift in Sources */,
				7E0C78951E73D1DD006C79C3 /* WPTCircle.swift in Sources */,
				7ECB5A021E745CA500A05563 /* WPTPursueBS.swift in Sources */,
				2D8E804B1E3AD6D000CB2E0B /* WPTSettingsScene.swift in Sources */,
				7EC222161E730D1900E98243 /* WPTBrainTemplate.swift in Sources */,
				2D1704371E6F66FD0000827E /* WPTWhirlpoolNode.swift in Sources */,
				7ED2206D1E37215F00D2AA68 /* WPTSecretMessage.swift in Sources */,
				7EE8A8C81E6F779700C119B9 /* WPTShipCatalog.swift in Sources */,
				2D17043B1E6FF3CD0000827E /* WPTHealthNode.swift in Sources */,
				7E4215FE1E5A716E004ADBD7 /* WPTCannonBall.swift in Sources */,
				7E0C78971E73D224006C79C3 /* WPTLine.swift in Sources */,
				2D1704491E70D23F0000827E /* WPTItemNode.swift in Sources */,
				7E52C85A1E61E72F004FDB27 /* WPTPlayerMovementNode.swift in Sources */,
				7E575DD61E69C1D2004D92BF /* WPTPort.swift in Sources */,
				7ED9633B1E7DF1D400B58C1C /* WPTWanderBS.swift in Sources */,
				7EDAC9B61E71FAA9002CEC0F /* WPTDockNode.swift in Sources */,
				7EC2220A1E73037300E98243 /* WPTDoNothingBS.swift in Sources */,
				7ED049DD1E6F6A4600CD69E1 /* WPTBrain.swift in Sources */,
				7E4182C91E7ECA7100FCEBD8 /* WPTPuppetMaster.swift in Sources */,
				7E13F6341E48F8B900B5D2FD /* WPTPlayer.swift in Sources */,
				7E13F6321E48F53200B5D2FD /* WPTLevelScene.swift in Sources */,
				7E5242881E56331D00120002 /* WPTTerrainNode.swift in Sources */,
				7E5A6BEE1E5A0E070067EAF3 /* WPTCannonNode.swift in Sources */,
				7E69329E1E53E0D500AF7373 /* WPTHudBottomNode.swift in Sources */,
				7EE8A9121E6FD07F00C119B9 /* WPTPortNode.swift in Sources */,
				7EDD063A1E4A1C750054EB7E /* WPTTrailMapNode.swift in Sources */,
				7EE8A8F41E6FA4A500C119B9 /* WPTEnemy.swift in Sources */,
				7E4216041E5B56BF004ADBD7 /* WPTFireRateManager.swift in Sources */,
				7EC987A21E7F9FD600626C60 /* WPTStorage.swift in Sources */,
				7E575DD81E69C3C7004D92BF /* WPTItemCatalog.swift in Sources */,
				7E0D62111E366F5F009C8516 /* WPTValues.swift in Sources */,
				7E5DB72C1E7ED271000B1307 /* WPTWaveCreationPMS.swift in Sources */,
				7E5DB7321E7EE2AA000B1307 /* WPTLevelWave.swift in Sources */,
				7E4215F81E5A6916004ADBD7 /* WPTCannon.swift in Sources */,
				7E16B8611E2D580600933E24 /* GameViewController.swift in Sources */,
				7E16B8591E2D580600933E24 /* AppDelegate.swift in Sources */,
				7E1472841E71AA8F005E5A4C /* WPTBrainStateFactory.swift in Sources */,
				7EBF5E231E4D06D200F81982 /* WPTTrailStop.swift in Sources */,
				7E7C240C1E370FF500E10E7A /* WPTNewGameScene.swift in Sources */,
				7E13F6251E48E51000B5D2FD /* WPTConfig.swift in Sources */,
				7EC987A41E7FA20800626C60 /* WPTLootSummary.swift in Sources */,
				7E1472821E71A784005E5A4C /* WPTBrainState.swift in Sources */,
				7ECB5A041E745CD000A05563 /* WPTFleeBS.swift in Sources */,
				7E5A6BF01E5A0E200067EAF3 /* WPTCannonSet.swift in Sources */,
				7E3EF6EA1E7532EB0036A895 /* WPTBrainRadiiNode.swift in Sources */,
				7E4215FC1E5A6F23004ADBD7 /* WPTCannonBallNode.swift in Sources */,
				2D8E804E1E3ADBC400CB2E0B /* WPTShip.swift in Sources */,
				7EF76AAA1E52DB7E003BFCD1 /* WPTWorldPlayerNode.swift in Sources */,
				7E13F6301E48F50200B5D2FD /* WPTWorldScene.swift in Sources */,
				7E6932971E53B55C00AF7373 /* WPTLevelActorNode.swift in Sources */,
				2D7FD1811E5801A1001B6208 /* WPTShipNamePopUpNode.swift in Sources */,
				7EBF5E691E4E1B4000F81982 /* WPTUtils.swift in Sources */,
				7ED739011E44EBF500122903 /* WPTWorldMapNode.swift in Sources */,
				2D1703DB1E601E180000827E /* WPTMapView.swift in Sources */,
				7EC222081E72F54A00E98243 /* WPTPortDockingHandler.swift in Sources */,
				7ED049E31E6F6DE900CD69E1 /* WPTEnemyCatalog.swift in Sources */,
				7ED049E11E6F6D4200CD69E1 /* WPTCatapultNode.swift in Sources */,
				7E1472861E71ACB4005E5A4C /* WPTStandAndShootBS.swift in Sources */,
			);
			runOnlyForDeploymentPostprocessing = 0;
		};
		7E16B86B1E2D580600933E24 /* Sources */ = {
			isa = PBXSourcesBuildPhase;
			buildActionMask = 2147483647;
			files = (
				7E16B8741E2D580600933E24 /* WaypointTests.swift in Sources */,
				7E13F6231E48E22900B5D2FD /* ActorTests.swift in Sources */,
			);
			runOnlyForDeploymentPostprocessing = 0;
		};
		7E16B8761E2D580600933E24 /* Sources */ = {
			isa = PBXSourcesBuildPhase;
			buildActionMask = 2147483647;
			files = (
				7E16B87F1E2D580600933E24 /* WaypointUITests.swift in Sources */,
			);
			runOnlyForDeploymentPostprocessing = 0;
		};
/* End PBXSourcesBuildPhase section */

/* Begin PBXTargetDependency section */
		7E16B8711E2D580600933E24 /* PBXTargetDependency */ = {
			isa = PBXTargetDependency;
			target = 7E16B8541E2D580600933E24 /* Waypoint */;
			targetProxy = 7E16B8701E2D580600933E24 /* PBXContainerItemProxy */;
		};
		7E16B87C1E2D580600933E24 /* PBXTargetDependency */ = {
			isa = PBXTargetDependency;
			target = 7E16B8541E2D580600933E24 /* Waypoint */;
			targetProxy = 7E16B87B1E2D580600933E24 /* PBXContainerItemProxy */;
		};
/* End PBXTargetDependency section */

/* Begin PBXVariantGroup section */
		7E16B8621E2D580600933E24 /* Main.storyboard */ = {
			isa = PBXVariantGroup;
			children = (
				7E16B8631E2D580600933E24 /* Base */,
			);
			name = Main.storyboard;
			sourceTree = "<group>";
		};
/* End PBXVariantGroup section */

/* Begin XCBuildConfiguration section */
		7E16B8811E2D580600933E24 /* Debug */ = {
			isa = XCBuildConfiguration;
			buildSettings = {
				ALWAYS_SEARCH_USER_PATHS = NO;
				CLANG_ANALYZER_NONNULL = YES;
				CLANG_CXX_LANGUAGE_STANDARD = "gnu++0x";
				CLANG_CXX_LIBRARY = "libc++";
				CLANG_ENABLE_MODULES = YES;
				CLANG_ENABLE_OBJC_ARC = YES;
				CLANG_WARN_BOOL_CONVERSION = YES;
				CLANG_WARN_CONSTANT_CONVERSION = YES;
				CLANG_WARN_DIRECT_OBJC_ISA_USAGE = YES_ERROR;
				CLANG_WARN_DOCUMENTATION_COMMENTS = YES;
				CLANG_WARN_EMPTY_BODY = YES;
				CLANG_WARN_ENUM_CONVERSION = YES;
				CLANG_WARN_INFINITE_RECURSION = YES;
				CLANG_WARN_INT_CONVERSION = YES;
				CLANG_WARN_OBJC_ROOT_CLASS = YES_ERROR;
				CLANG_WARN_SUSPICIOUS_MOVE = YES;
				CLANG_WARN_UNREACHABLE_CODE = YES;
				CLANG_WARN__DUPLICATE_METHOD_MATCH = YES;
				"CODE_SIGN_IDENTITY[sdk=iphoneos*]" = "iPhone Developer";
				COPY_PHASE_STRIP = NO;
				DEBUG_INFORMATION_FORMAT = dwarf;
				ENABLE_STRICT_OBJC_MSGSEND = YES;
				ENABLE_TESTABILITY = YES;
				GCC_C_LANGUAGE_STANDARD = gnu99;
				GCC_DYNAMIC_NO_PIC = NO;
				GCC_NO_COMMON_BLOCKS = YES;
				GCC_OPTIMIZATION_LEVEL = 0;
				GCC_PREPROCESSOR_DEFINITIONS = (
					"DEBUG=1",
					"$(inherited)",
				);
				GCC_WARN_64_TO_32_BIT_CONVERSION = YES;
				GCC_WARN_ABOUT_RETURN_TYPE = YES_ERROR;
				GCC_WARN_UNDECLARED_SELECTOR = YES;
				GCC_WARN_UNINITIALIZED_AUTOS = YES_AGGRESSIVE;
				GCC_WARN_UNUSED_FUNCTION = YES;
				GCC_WARN_UNUSED_VARIABLE = YES;
				IPHONEOS_DEPLOYMENT_TARGET = 10.2;
				MTL_ENABLE_DEBUG_INFO = YES;
				ONLY_ACTIVE_ARCH = YES;
				SDKROOT = iphoneos;
				SWIFT_ACTIVE_COMPILATION_CONDITIONS = DEBUG;
				SWIFT_OPTIMIZATION_LEVEL = "-Onone";
				TARGETED_DEVICE_FAMILY = "1,2";
			};
			name = Debug;
		};
		7E16B8821E2D580600933E24 /* Release */ = {
			isa = XCBuildConfiguration;
			buildSettings = {
				ALWAYS_SEARCH_USER_PATHS = NO;
				CLANG_ANALYZER_NONNULL = YES;
				CLANG_CXX_LANGUAGE_STANDARD = "gnu++0x";
				CLANG_CXX_LIBRARY = "libc++";
				CLANG_ENABLE_MODULES = YES;
				CLANG_ENABLE_OBJC_ARC = YES;
				CLANG_WARN_BOOL_CONVERSION = YES;
				CLANG_WARN_CONSTANT_CONVERSION = YES;
				CLANG_WARN_DIRECT_OBJC_ISA_USAGE = YES_ERROR;
				CLANG_WARN_DOCUMENTATION_COMMENTS = YES;
				CLANG_WARN_EMPTY_BODY = YES;
				CLANG_WARN_ENUM_CONVERSION = YES;
				CLANG_WARN_INFINITE_RECURSION = YES;
				CLANG_WARN_INT_CONVERSION = YES;
				CLANG_WARN_OBJC_ROOT_CLASS = YES_ERROR;
				CLANG_WARN_SUSPICIOUS_MOVE = YES;
				CLANG_WARN_UNREACHABLE_CODE = YES;
				CLANG_WARN__DUPLICATE_METHOD_MATCH = YES;
				"CODE_SIGN_IDENTITY[sdk=iphoneos*]" = "iPhone Developer";
				COPY_PHASE_STRIP = NO;
				DEBUG_INFORMATION_FORMAT = "dwarf-with-dsym";
				ENABLE_NS_ASSERTIONS = NO;
				ENABLE_STRICT_OBJC_MSGSEND = YES;
				GCC_C_LANGUAGE_STANDARD = gnu99;
				GCC_NO_COMMON_BLOCKS = YES;
				GCC_WARN_64_TO_32_BIT_CONVERSION = YES;
				GCC_WARN_ABOUT_RETURN_TYPE = YES_ERROR;
				GCC_WARN_UNDECLARED_SELECTOR = YES;
				GCC_WARN_UNINITIALIZED_AUTOS = YES_AGGRESSIVE;
				GCC_WARN_UNUSED_FUNCTION = YES;
				GCC_WARN_UNUSED_VARIABLE = YES;
				IPHONEOS_DEPLOYMENT_TARGET = 10.2;
				MTL_ENABLE_DEBUG_INFO = NO;
				SDKROOT = iphoneos;
				SWIFT_OPTIMIZATION_LEVEL = "-Owholemodule";
				TARGETED_DEVICE_FAMILY = "1,2";
				VALIDATE_PRODUCT = YES;
			};
			name = Release;
		};
		7E16B8841E2D580600933E24 /* Debug */ = {
			isa = XCBuildConfiguration;
			buildSettings = {
				ASSETCATALOG_COMPILER_APPICON_NAME = AppIcon;
				DEVELOPMENT_TEAM = 66743KUV39;
				INFOPLIST_FILE = Waypoint/Info.plist;
				LD_RUNPATH_SEARCH_PATHS = "$(inherited) @executable_path/Frameworks";
				PRODUCT_BUNDLE_IDENTIFIER = ctaylo36;
				PRODUCT_NAME = "$(TARGET_NAME)";
				SWIFT_VERSION = 3.0;
				TARGETED_DEVICE_FAMILY = "1,2";
			};
			name = Debug;
		};
		7E16B8851E2D580600933E24 /* Release */ = {
			isa = XCBuildConfiguration;
			buildSettings = {
				ASSETCATALOG_COMPILER_APPICON_NAME = AppIcon;
				DEVELOPMENT_TEAM = 66743KUV39;
				INFOPLIST_FILE = Waypoint/Info.plist;
				LD_RUNPATH_SEARCH_PATHS = "$(inherited) @executable_path/Frameworks";
				PRODUCT_BUNDLE_IDENTIFIER = ctaylo36;
				PRODUCT_NAME = "$(TARGET_NAME)";
				SWIFT_VERSION = 3.0;
				TARGETED_DEVICE_FAMILY = "1,2";
			};
			name = Release;
		};
		7E16B8871E2D580600933E24 /* Debug */ = {
			isa = XCBuildConfiguration;
			buildSettings = {
				ALWAYS_EMBED_SWIFT_STANDARD_LIBRARIES = YES;
				BUNDLE_LOADER = "$(TEST_HOST)";
				INFOPLIST_FILE = WaypointTests/Info.plist;
				LD_RUNPATH_SEARCH_PATHS = "$(inherited) @executable_path/Frameworks @loader_path/Frameworks";
				PRODUCT_BUNDLE_IDENTIFIER = edu.calpoly.WaypointTests;
				PRODUCT_NAME = "$(TARGET_NAME)";
				SWIFT_VERSION = 3.0;
				TEST_HOST = "$(BUILT_PRODUCTS_DIR)/Waypoint.app/Waypoint";
			};
			name = Debug;
		};
		7E16B8881E2D580600933E24 /* Release */ = {
			isa = XCBuildConfiguration;
			buildSettings = {
				ALWAYS_EMBED_SWIFT_STANDARD_LIBRARIES = YES;
				BUNDLE_LOADER = "$(TEST_HOST)";
				INFOPLIST_FILE = WaypointTests/Info.plist;
				LD_RUNPATH_SEARCH_PATHS = "$(inherited) @executable_path/Frameworks @loader_path/Frameworks";
				PRODUCT_BUNDLE_IDENTIFIER = edu.calpoly.WaypointTests;
				PRODUCT_NAME = "$(TARGET_NAME)";
				SWIFT_VERSION = 3.0;
				TEST_HOST = "$(BUILT_PRODUCTS_DIR)/Waypoint.app/Waypoint";
			};
			name = Release;
		};
		7E16B88A1E2D580600933E24 /* Debug */ = {
			isa = XCBuildConfiguration;
			buildSettings = {
				ALWAYS_EMBED_SWIFT_STANDARD_LIBRARIES = YES;
				INFOPLIST_FILE = WaypointUITests/Info.plist;
				LD_RUNPATH_SEARCH_PATHS = "$(inherited) @executable_path/Frameworks @loader_path/Frameworks";
				PRODUCT_BUNDLE_IDENTIFIER = edu.calpoly.WaypointUITests;
				PRODUCT_NAME = "$(TARGET_NAME)";
				SWIFT_VERSION = 3.0;
				TEST_TARGET_NAME = Waypoint;
			};
			name = Debug;
		};
		7E16B88B1E2D580600933E24 /* Release */ = {
			isa = XCBuildConfiguration;
			buildSettings = {
				ALWAYS_EMBED_SWIFT_STANDARD_LIBRARIES = YES;
				INFOPLIST_FILE = WaypointUITests/Info.plist;
				LD_RUNPATH_SEARCH_PATHS = "$(inherited) @executable_path/Frameworks @loader_path/Frameworks";
				PRODUCT_BUNDLE_IDENTIFIER = edu.calpoly.WaypointUITests;
				PRODUCT_NAME = "$(TARGET_NAME)";
				SWIFT_VERSION = 3.0;
				TEST_TARGET_NAME = Waypoint;
			};
			name = Release;
		};
/* End XCBuildConfiguration section */

/* Begin XCConfigurationList section */
		7E16B8501E2D580600933E24 /* Build configuration list for PBXProject "Waypoint" */ = {
			isa = XCConfigurationList;
			buildConfigurations = (
				7E16B8811E2D580600933E24 /* Debug */,
				7E16B8821E2D580600933E24 /* Release */,
			);
			defaultConfigurationIsVisible = 0;
			defaultConfigurationName = Release;
		};
		7E16B8831E2D580600933E24 /* Build configuration list for PBXNativeTarget "Waypoint" */ = {
			isa = XCConfigurationList;
			buildConfigurations = (
				7E16B8841E2D580600933E24 /* Debug */,
				7E16B8851E2D580600933E24 /* Release */,
			);
			defaultConfigurationIsVisible = 0;
			defaultConfigurationName = Release;
		};
		7E16B8861E2D580600933E24 /* Build configuration list for PBXNativeTarget "WaypointTests" */ = {
			isa = XCConfigurationList;
			buildConfigurations = (
				7E16B8871E2D580600933E24 /* Debug */,
				7E16B8881E2D580600933E24 /* Release */,
			);
			defaultConfigurationIsVisible = 0;
			defaultConfigurationName = Release;
		};
		7E16B8891E2D580600933E24 /* Build configuration list for PBXNativeTarget "WaypointUITests" */ = {
			isa = XCConfigurationList;
			buildConfigurations = (
				7E16B88A1E2D580600933E24 /* Debug */,
				7E16B88B1E2D580600933E24 /* Release */,
			);
			defaultConfigurationIsVisible = 0;
			defaultConfigurationName = Release;
		};
/* End XCConfigurationList section */
	};
	rootObject = 7E16B84D1E2D580600933E24 /* Project object */;
}
